
Microsoft Visual Studio Solution File, Format Version 12.00
# Visual Studio 2013
VisualStudioVersion = 12.0.31101.0
MinimumVisualStudioVersion = 10.0.40219.1
Project("{FAE04EC0-301F-11D3-BF4B-00C04F79EFBC}") = "Mars.DB", "Mars.DB.csproj", "{8688283A-0923-442C-B176-DE1E426D6DB0}"
EndProject
Project("{FAE04EC0-301F-11D3-BF4B-00C04F79EFBC}") = "Mars.LogCommon", "..\MarsTestingFrame\MarsTestingFrame\Mars.LogCommon\Mars.LogCommon.csproj", "{F19EDDA6-3624-4BA6-A91E-DBCB2DA7FE38}"
EndProject
Global
	GlobalSection(SolutionConfigurationPlatforms) = preSolution
		debug with qtp|Any CPU = debug with qtp|Any CPU
		Debug|Any CPU = Debug|Any CPU
		Release|Any CPU = Release|Any CPU
	EndGlobalSection
	GlobalSection(ProjectConfigurationPlatforms) = postSolution
		{8688283A-0923-442C-B176-DE1E426D6DB0}.debug with qtp|Any CPU.ActiveCfg = debug with qtp|Any CPU
		{8688283A-0923-442C-B176-DE1E426D6DB0}.debug with qtp|Any CPU.Build.0 = debug with qtp|Any CPU
		{8688283A-0923-442C-B176-DE1E426D6DB0}.Debug|Any CPU.ActiveCfg = Debug|Any CPU
		{8688283A-0923-442C-B176-DE1E426D6DB0}.Debug|Any CPU.Build.0 = Debug|Any CPU
		{8688283A-0923-442C-B176-DE1E426D6DB0}.Release|Any CPU.ActiveCfg = Release|Any CPU
		{8688283A-0923-442C-B176-DE1E426D6DB0}.Release|Any CPU.Build.0 = Release|Any CPU
		{F19EDDA6-3624-4BA6-A91E-DBCB2DA7FE38}.debug with qtp|Any CPU.ActiveCfg = debug with qtp|Any CPU
		{F19EDDA6-3624-4BA6-A91E-DBCB2DA7FE38}.debug with qtp|Any CPU.Build.0 = debug with qtp|Any CPU
		{F19EDDA6-3624-4BA6-A91E-DBCB2DA7FE38}.Debug|Any CPU.ActiveCfg = Debug|Any CPU
		{F19EDDA6-3624-4BA6-A91E-DBCB2DA7FE38}.Debug|Any CPU.Build.0 = Debug|Any CPU
		{F19EDDA6-3624-4BA6-A91E-DBCB2DA7FE38}.Release|Any CPU.ActiveCfg = Release|Any CPU
		{F19EDDA6-3624-4BA6-A91E-DBCB2DA7FE38}.Release|Any CPU.Build.0 = Release|Any CPU
	EndGlobalSection
	GlobalSection(SolutionProperties) = preSolution
		HideSolutionNode = FALSE
	EndGlobalSection
EndGlobal
