
Microsoft Visual Studio Solution File, Format Version 12.00
# Visual Studio Version 17
VisualStudioVersion = 17.13.35818.85 d17.13
MinimumVisualStudioVersion = 10.0.40219.1
Project("{FAE04EC0-301F-11D3-BF4B-00C04F79EFBC}") = "Mars.Inter.MQCenter", "Mars.Inter.MQCenter.csproj", "{D923E1BE-48C8-47DA-8A7D-C3B518E6C4B6}"
EndProject
Project("{2150E333-8FDC-42A3-9474-1A3956D46DE8}") = "UnitTest", "UnitTest", "{3F30A926-143B-4FB5-B6CE-367C686FB4CB}"
EndProject
Project("{FAE04EC0-301F-11D3-BF4B-00C04F79EFBC}") = "UnitTestProject1", "..\UnitTestProject1\UnitTestProject1.csproj", "{CF46A7F4-035D-45FD-9A55-3060A5917882}"
EndProject
Project("{FAE04EC0-301F-11D3-BF4B-00C04F79EFBC}") = "MarsSpyTool", "..\MarsSpyTool\MarsSpyTool.csproj", "{0CC6BB04-547F-4E1C-B25C-CD7A4B0DCD75}"
EndProject
Global
	GlobalSection(SolutionConfigurationPlatforms) = preSolution
		DEBUG FOR WEBVERSION|Any CPU = DEBUG FOR WEBVERSION|Any CPU
		DEBUG FOR WEBVERSION|x64 = DEBUG FOR WEBVERSION|x64
		debug with qtp|Any CPU = debug with qtp|Any CPU
		debug with qtp|x64 = debug with qtp|x64
		debug x86|Any CPU = debug x86|Any CPU
		debug x86|x64 = debug x86|x64
		Debug|Any CPU = Debug|Any CPU
		Debug|x64 = Debug|x64
		DebugQT|Any CPU = DebugQT|Any CPU
		DebugQT|x64 = DebugQT|x64
		Release For WEB|Any CPU = Release For WEB|Any CPU
		Release For WEB|x64 = Release For WEB|x64
		Release For Webversion|Any CPU = Release For Webversion|Any CPU
		Release For Webversion|x64 = Release For Webversion|x64
		release with qtp|Any CPU = release with qtp|Any CPU
		release with qtp|x64 = release with qtp|x64
		Release|Any CPU = Release|Any CPU
		Release|x64 = Release|x64
		ReleaseQT|Any CPU = ReleaseQT|Any CPU
		ReleaseQT|x64 = ReleaseQT|x64
	EndGlobalSection
	GlobalSection(ProjectConfigurationPlatforms) = postSolution
		{D923E1BE-48C8-47DA-8A7D-C3B518E6C4B6}.DEBUG FOR WEBVERSION|Any CPU.ActiveCfg = DEBUG FOR WEBVERSION|Any CPU
		{D923E1BE-48C8-47DA-8A7D-C3B518E6C4B6}.DEBUG FOR WEBVERSION|Any CPU.Build.0 = DEBUG FOR WEBVERSION|Any CPU
		{D923E1BE-48C8-47DA-8A7D-C3B518E6C4B6}.DEBUG FOR WEBVERSION|x64.ActiveCfg = DEBUG FOR WEBVERSION|x64
		{D923E1BE-48C8-47DA-8A7D-C3B518E6C4B6}.DEBUG FOR WEBVERSION|x64.Build.0 = DEBUG FOR WEBVERSION|x64
		{D923E1BE-48C8-47DA-8A7D-C3B518E6C4B6}.debug with qtp|Any CPU.ActiveCfg = debug with qtp|Any CPU
		{D923E1BE-48C8-47DA-8A7D-C3B518E6C4B6}.debug with qtp|Any CPU.Build.0 = debug with qtp|Any CPU
		{D923E1BE-48C8-47DA-8A7D-C3B518E6C4B6}.debug with qtp|x64.ActiveCfg = debug with qtp|x64
		{D923E1BE-48C8-47DA-8A7D-C3B518E6C4B6}.debug with qtp|x64.Build.0 = debug with qtp|x64
		{D923E1BE-48C8-47DA-8A7D-C3B518E6C4B6}.debug x86|Any CPU.ActiveCfg = debug x86|Any CPU
		{D923E1BE-48C8-47DA-8A7D-C3B518E6C4B6}.debug x86|Any CPU.Build.0 = debug x86|Any CPU
		{D923E1BE-48C8-47DA-8A7D-C3B518E6C4B6}.debug x86|x64.ActiveCfg = debug x86|x64
		{D923E1BE-48C8-47DA-8A7D-C3B518E6C4B6}.debug x86|x64.Build.0 = debug x86|x64
		{D923E1BE-48C8-47DA-8A7D-C3B518E6C4B6}.Debug|Any CPU.ActiveCfg = Debug|Any CPU
		{D923E1BE-48C8-47DA-8A7D-C3B518E6C4B6}.Debug|Any CPU.Build.0 = Debug|Any CPU
		{D923E1BE-48C8-47DA-8A7D-C3B518E6C4B6}.Debug|x64.ActiveCfg = Debug|x64
		{D923E1BE-48C8-47DA-8A7D-C3B518E6C4B6}.Debug|x64.Build.0 = Debug|x64
		{D923E1BE-48C8-47DA-8A7D-C3B518E6C4B6}.DebugQT|Any CPU.ActiveCfg = DebugQT|Any CPU
		{D923E1BE-48C8-47DA-8A7D-C3B518E6C4B6}.DebugQT|Any CPU.Build.0 = DebugQT|Any CPU
		{D923E1BE-48C8-47DA-8A7D-C3B518E6C4B6}.DebugQT|x64.ActiveCfg = DebugQT|x64
		{D923E1BE-48C8-47DA-8A7D-C3B518E6C4B6}.DebugQT|x64.Build.0 = DebugQT|x64
		{D923E1BE-48C8-47DA-8A7D-C3B518E6C4B6}.Release For WEB|Any CPU.ActiveCfg = Release For WEB|Any CPU
		{D923E1BE-48C8-47DA-8A7D-C3B518E6C4B6}.Release For WEB|Any CPU.Build.0 = Release For WEB|Any CPU
		{D923E1BE-48C8-47DA-8A7D-C3B518E6C4B6}.Release For WEB|x64.ActiveCfg = Release For WEB|x64
		{D923E1BE-48C8-47DA-8A7D-C3B518E6C4B6}.Release For WEB|x64.Build.0 = Release For WEB|x64
		{D923E1BE-48C8-47DA-8A7D-C3B518E6C4B6}.Release For Webversion|Any CPU.ActiveCfg = Release For Webversion|Any CPU
		{D923E1BE-48C8-47DA-8A7D-C3B518E6C4B6}.Release For Webversion|Any CPU.Build.0 = Release For Webversion|Any CPU
		{D923E1BE-48C8-47DA-8A7D-C3B518E6C4B6}.Release For Webversion|x64.ActiveCfg = Release For Webversion|x64
		{D923E1BE-48C8-47DA-8A7D-C3B518E6C4B6}.Release For Webversion|x64.Build.0 = Release For Webversion|x64
		{D923E1BE-48C8-47DA-8A7D-C3B518E6C4B6}.release with qtp|Any CPU.ActiveCfg = release with qtp|Any CPU
		{D923E1BE-48C8-47DA-8A7D-C3B518E6C4B6}.release with qtp|Any CPU.Build.0 = release with qtp|Any CPU
		{D923E1BE-48C8-47DA-8A7D-C3B518E6C4B6}.release with qtp|x64.ActiveCfg = release with qtp|x64
		{D923E1BE-48C8-47DA-8A7D-C3B518E6C4B6}.release with qtp|x64.Build.0 = release with qtp|x64
		{D923E1BE-48C8-47DA-8A7D-C3B518E6C4B6}.Release|Any CPU.ActiveCfg = Release|Any CPU
		{D923E1BE-48C8-47DA-8A7D-C3B518E6C4B6}.Release|Any CPU.Build.0 = Release|Any CPU
		{D923E1BE-48C8-47DA-8A7D-C3B518E6C4B6}.Release|x64.ActiveCfg = Release|x64
		{D923E1BE-48C8-47DA-8A7D-C3B518E6C4B6}.Release|x64.Build.0 = Release|x64
		{D923E1BE-48C8-47DA-8A7D-C3B518E6C4B6}.ReleaseQT|Any CPU.ActiveCfg = ReleaseQT|Any CPU
		{D923E1BE-48C8-47DA-8A7D-C3B518E6C4B6}.ReleaseQT|Any CPU.Build.0 = ReleaseQT|Any CPU
		{D923E1BE-48C8-47DA-8A7D-C3B518E6C4B6}.ReleaseQT|x64.ActiveCfg = ReleaseQT|x64
		{D923E1BE-48C8-47DA-8A7D-C3B518E6C4B6}.ReleaseQT|x64.Build.0 = ReleaseQT|x64
		{CF46A7F4-035D-45FD-9A55-3060A5917882}.DEBUG FOR WEBVERSION|Any CPU.ActiveCfg = Debug|Any CPU
		{CF46A7F4-035D-45FD-9A55-3060A5917882}.DEBUG FOR WEBVERSION|Any CPU.Build.0 = Debug|Any CPU
		{CF46A7F4-035D-45FD-9A55-3060A5917882}.DEBUG FOR WEBVERSION|x64.ActiveCfg = Debug|Any CPU
		{CF46A7F4-035D-45FD-9A55-3060A5917882}.DEBUG FOR WEBVERSION|x64.Build.0 = Debug|Any CPU
		{CF46A7F4-035D-45FD-9A55-3060A5917882}.debug with qtp|Any CPU.ActiveCfg = Debug|Any CPU
		{CF46A7F4-035D-45FD-9A55-3060A5917882}.debug with qtp|Any CPU.Build.0 = Debug|Any CPU
		{CF46A7F4-035D-45FD-9A55-3060A5917882}.debug with qtp|x64.ActiveCfg = Debug|Any CPU
		{CF46A7F4-035D-45FD-9A55-3060A5917882}.debug with qtp|x64.Build.0 = Debug|Any CPU
		{CF46A7F4-035D-45FD-9A55-3060A5917882}.debug x86|Any CPU.ActiveCfg = Debug|Any CPU
		{CF46A7F4-035D-45FD-9A55-3060A5917882}.debug x86|Any CPU.Build.0 = Debug|Any CPU
		{CF46A7F4-035D-45FD-9A55-3060A5917882}.debug x86|x64.ActiveCfg = Debug|Any CPU
		{CF46A7F4-035D-45FD-9A55-3060A5917882}.debug x86|x64.Build.0 = Debug|Any CPU
		{CF46A7F4-035D-45FD-9A55-3060A5917882}.Debug|Any CPU.ActiveCfg = Debug|Any CPU
		{CF46A7F4-035D-45FD-9A55-3060A5917882}.Debug|Any CPU.Build.0 = Debug|Any CPU
		{CF46A7F4-035D-45FD-9A55-3060A5917882}.Debug|x64.ActiveCfg = Debug|Any CPU
		{CF46A7F4-035D-45FD-9A55-3060A5917882}.Debug|x64.Build.0 = Debug|Any CPU
		{CF46A7F4-035D-45FD-9A55-3060A5917882}.DebugQT|Any CPU.ActiveCfg = Debug|Any CPU
		{CF46A7F4-035D-45FD-9A55-3060A5917882}.DebugQT|Any CPU.Build.0 = Debug|Any CPU
		{CF46A7F4-035D-45FD-9A55-3060A5917882}.DebugQT|x64.ActiveCfg = Debug|Any CPU
		{CF46A7F4-035D-45FD-9A55-3060A5917882}.DebugQT|x64.Build.0 = Debug|Any CPU
		{CF46A7F4-035D-45FD-9A55-3060A5917882}.Release For WEB|Any CPU.ActiveCfg = Release|Any CPU
		{CF46A7F4-035D-45FD-9A55-3060A5917882}.Release For WEB|Any CPU.Build.0 = Release|Any CPU
		{CF46A7F4-035D-45FD-9A55-3060A5917882}.Release For WEB|x64.ActiveCfg = Release|Any CPU
		{CF46A7F4-035D-45FD-9A55-3060A5917882}.Release For WEB|x64.Build.0 = Release|Any CPU
		{CF46A7F4-035D-45FD-9A55-3060A5917882}.Release For Webversion|Any CPU.ActiveCfg = Release|Any CPU
		{CF46A7F4-035D-45FD-9A55-3060A5917882}.Release For Webversion|Any CPU.Build.0 = Release|Any CPU
		{CF46A7F4-035D-45FD-9A55-3060A5917882}.Release For Webversion|x64.ActiveCfg = Release|Any CPU
		{CF46A7F4-035D-45FD-9A55-3060A5917882}.Release For Webversion|x64.Build.0 = Release|Any CPU
		{CF46A7F4-035D-45FD-9A55-3060A5917882}.release with qtp|Any CPU.ActiveCfg = Release|Any CPU
		{CF46A7F4-035D-45FD-9A55-3060A5917882}.release with qtp|Any CPU.Build.0 = Release|Any CPU
		{CF46A7F4-035D-45FD-9A55-3060A5917882}.release with qtp|x64.ActiveCfg = Release|Any CPU
		{CF46A7F4-035D-45FD-9A55-3060A5917882}.release with qtp|x64.Build.0 = Release|Any CPU
		{CF46A7F4-035D-45FD-9A55-3060A5917882}.Release|Any CPU.ActiveCfg = Release|Any CPU
		{CF46A7F4-035D-45FD-9A55-3060A5917882}.Release|Any CPU.Build.0 = Release|Any CPU
		{CF46A7F4-035D-45FD-9A55-3060A5917882}.Release|x64.ActiveCfg = Release|Any CPU
		{CF46A7F4-035D-45FD-9A55-3060A5917882}.Release|x64.Build.0 = Release|Any CPU
		{CF46A7F4-035D-45FD-9A55-3060A5917882}.ReleaseQT|Any CPU.ActiveCfg = Release|Any CPU
		{CF46A7F4-035D-45FD-9A55-3060A5917882}.ReleaseQT|Any CPU.Build.0 = Release|Any CPU
		{CF46A7F4-035D-45FD-9A55-3060A5917882}.ReleaseQT|x64.ActiveCfg = Release|Any CPU
		{CF46A7F4-035D-45FD-9A55-3060A5917882}.ReleaseQT|x64.Build.0 = Release|Any CPU
		{0CC6BB04-547F-4E1C-B25C-CD7A4B0DCD75}.DEBUG FOR WEBVERSION|Any CPU.ActiveCfg = Debug|Any CPU
		{0CC6BB04-547F-4E1C-B25C-CD7A4B0DCD75}.DEBUG FOR WEBVERSION|Any CPU.Build.0 = Debug|Any CPU
		{0CC6BB04-547F-4E1C-B25C-CD7A4B0DCD75}.DEBUG FOR WEBVERSION|x64.ActiveCfg = Debug|x64
		{0CC6BB04-547F-4E1C-B25C-CD7A4B0DCD75}.DEBUG FOR WEBVERSION|x64.Build.0 = Debug|x64
		{0CC6BB04-547F-4E1C-B25C-CD7A4B0DCD75}.debug with qtp|Any CPU.ActiveCfg = Debug|Any CPU
		{0CC6BB04-547F-4E1C-B25C-CD7A4B0DCD75}.debug with qtp|Any CPU.Build.0 = Debug|Any CPU
		{0CC6BB04-547F-4E1C-B25C-CD7A4B0DCD75}.debug with qtp|x64.ActiveCfg = Debug|x64
		{0CC6BB04-547F-4E1C-B25C-CD7A4B0DCD75}.debug with qtp|x64.Build.0 = Debug|x64
		{0CC6BB04-547F-4E1C-B25C-CD7A4B0DCD75}.debug x86|Any CPU.ActiveCfg = Debug|Any CPU
		{0CC6BB04-547F-4E1C-B25C-CD7A4B0DCD75}.debug x86|Any CPU.Build.0 = Debug|Any CPU
		{0CC6BB04-547F-4E1C-B25C-CD7A4B0DCD75}.debug x86|x64.ActiveCfg = Debug|x64
		{0CC6BB04-547F-4E1C-B25C-CD7A4B0DCD75}.debug x86|x64.Build.0 = Debug|x64
		{0CC6BB04-547F-4E1C-B25C-CD7A4B0DCD75}.Debug|Any CPU.ActiveCfg = Debug|Any CPU
		{0CC6BB04-547F-4E1C-B25C-CD7A4B0DCD75}.Debug|Any CPU.Build.0 = Debug|Any CPU
		{0CC6BB04-547F-4E1C-B25C-CD7A4B0DCD75}.Debug|x64.ActiveCfg = Debug|x64
		{0CC6BB04-547F-4E1C-B25C-CD7A4B0DCD75}.Debug|x64.Build.0 = Debug|x64
		{0CC6BB04-547F-4E1C-B25C-CD7A4B0DCD75}.DebugQT|Any CPU.ActiveCfg = Debug|Any CPU
		{0CC6BB04-547F-4E1C-B25C-CD7A4B0DCD75}.DebugQT|Any CPU.Build.0 = Debug|Any CPU
		{0CC6BB04-547F-4E1C-B25C-CD7A4B0DCD75}.DebugQT|x64.ActiveCfg = Debug|x64
		{0CC6BB04-547F-4E1C-B25C-CD7A4B0DCD75}.DebugQT|x64.Build.0 = Debug|x64
		{0CC6BB04-547F-4E1C-B25C-CD7A4B0DCD75}.Release For WEB|Any CPU.ActiveCfg = Release|Any CPU
		{0CC6BB04-547F-4E1C-B25C-CD7A4B0DCD75}.Release For WEB|Any CPU.Build.0 = Release|Any CPU
		{0CC6BB04-547F-4E1C-B25C-CD7A4B0DCD75}.Release For WEB|x64.ActiveCfg = Release|x64
		{0CC6BB04-547F-4E1C-B25C-CD7A4B0DCD75}.Release For WEB|x64.Build.0 = Release|x64
		{0CC6BB04-547F-4E1C-B25C-CD7A4B0DCD75}.Release For Webversion|Any CPU.ActiveCfg = Release|Any CPU
		{0CC6BB04-547F-4E1C-B25C-CD7A4B0DCD75}.Release For Webversion|Any CPU.Build.0 = Release|Any CPU
		{0CC6BB04-547F-4E1C-B25C-CD7A4B0DCD75}.Release For Webversion|x64.ActiveCfg = Release|x64
		{0CC6BB04-547F-4E1C-B25C-CD7A4B0DCD75}.Release For Webversion|x64.Build.0 = Release|x64
		{0CC6BB04-547F-4E1C-B25C-CD7A4B0DCD75}.release with qtp|Any CPU.ActiveCfg = Release|Any CPU
		{0CC6BB04-547F-4E1C-B25C-CD7A4B0DCD75}.release with qtp|Any CPU.Build.0 = Release|Any CPU
		{0CC6BB04-547F-4E1C-B25C-CD7A4B0DCD75}.release with qtp|x64.ActiveCfg = Release|x64
		{0CC6BB04-547F-4E1C-B25C-CD7A4B0DCD75}.release with qtp|x64.Build.0 = Release|x64
		{0CC6BB04-547F-4E1C-B25C-CD7A4B0DCD75}.Release|Any CPU.ActiveCfg = Release|Any CPU
		{0CC6BB04-547F-4E1C-B25C-CD7A4B0DCD75}.Release|Any CPU.Build.0 = Release|Any CPU
		{0CC6BB04-547F-4E1C-B25C-CD7A4B0DCD75}.Release|x64.ActiveCfg = Release|x64
		{0CC6BB04-547F-4E1C-B25C-CD7A4B0DCD75}.Release|x64.Build.0 = Release|x64
		{0CC6BB04-547F-4E1C-B25C-CD7A4B0DCD75}.ReleaseQT|Any CPU.ActiveCfg = Release|Any CPU
		{0CC6BB04-547F-4E1C-B25C-CD7A4B0DCD75}.ReleaseQT|Any CPU.Build.0 = Release|Any CPU
		{0CC6BB04-547F-4E1C-B25C-CD7A4B0DCD75}.ReleaseQT|x64.ActiveCfg = Release|x64
		{0CC6BB04-547F-4E1C-B25C-CD7A4B0DCD75}.ReleaseQT|x64.Build.0 = Release|x64
	EndGlobalSection
	GlobalSection(SolutionProperties) = preSolution
		HideSolutionNode = FALSE
	EndGlobalSection
	GlobalSection(NestedProjects) = preSolution
		{CF46A7F4-035D-45FD-9A55-3060A5917882} = {3F30A926-143B-4FB5-B6CE-367C686FB4CB}
	EndGlobalSection
	GlobalSection(ExtensibilityGlobals) = postSolution
		SolutionGuid = {0AE0370D-F565-4C32-872C-A77D790DF608}
	EndGlobalSection
EndGlobal
