
Microsoft Visual Studio Solution File, Format Version 12.00
# Visual Studio 15
VisualStudioVersion = 15.0.27130.2027
MinimumVisualStudioVersion = 10.0.40219.1
Project("{FAE04EC0-301F-11D3-BF4B-00C04F79EFBC}") = "Mars.AutoTestingDriver", "Mars.AutoTestingDriver.csproj", "{6BC4B105-05C0-4341-973C-65E2714BDAD6}"
EndProject
Project("{FAE04EC0-301F-11D3-BF4B-00C04F79EFBC}") = "TestFlowClient64", "..\TestFlowClient\TestFlowClient64.csproj", "{05201161-BADA-4EA2-BC9B-4CCB8EB6EE1E}"
EndProject
Project("{FAE04EC0-301F-11D3-BF4B-00C04F79EFBC}") = "Mars.Inter.MQCenter", "..\..\..\Mars2.0\MarsInterMessage\Mars.Inter.MQCenter\Mars.Inter.MQCenter.csproj", "{D923E1BE-48C8-47DA-8A7D-C3B518E6C4B6}"
EndProject
Project("{8BC9CEB8-8B4A-11D0-8D11-00A0C91BC942}") = "ManagedInjector64-4.0", "..\..\..\Mars2.0\Injector\ManagedInjector\ManagedInjector64-4.0.vcxproj", "{A27C8B34-2527-4258-8C07-D2720C576B90}"
EndProject
Project("{FAE04EC0-301F-11D3-BF4B-00C04F79EFBC}") = "Mars.Securities", "..\..\Utilities\Mars.Securities\Mars.Securities.csproj", "{E1CDBDDF-7FF8-4D57-879C-E1BF0BF98287}"
EndProject
Project("{2150E333-8FDC-42A3-9474-1A3956D46DE8}") = "01 Driver64", "01 Driver64", "{3F1B9AF6-CD92-4314-BCDC-8B2E104C5178}"
EndProject
Project("{2150E333-8FDC-42A3-9474-1A3956D46DE8}") = "02 Libs", "02 Libs", "{75C34C2E-B757-400E-81C8-50C912C1EF81}"
EndProject
Project("{2150E333-8FDC-42A3-9474-1A3956D46DE8}") = "03 DB", "03 DB", "{1444CCFC-9821-48DF-BBA4-F0015CDDBF81}"
EndProject
Project("{FAE04EC0-301F-11D3-BF4B-00C04F79EFBC}") = "Mars.LogCommon", "..\MarsTestingFrame\Mars.LogCommon\Mars.LogCommon.csproj", "{F19EDDA6-3624-4BA6-A91E-DBCB2DA7FE38}"
EndProject
Project("{FAE04EC0-301F-11D3-BF4B-00C04F79EFBC}") = "MarsShellLib", "..\..\..\ShellBasics\ShellBasics\MarsShellLib.csproj", "{B748E75E-AFF9-4FEA-8581-7F04AD5DA539}"
EndProject
Project("{FAE04EC0-301F-11D3-BF4B-00C04F79EFBC}") = "Mars.DB.Extend", "..\..\Mars.DB\Mars.DB.Extend.csproj", "{239DAAEA-1A19-4D8C-B296-C9BF3CA865E9}"
EndProject
Project("{2150E333-8FDC-42A3-9474-1A3956D46DE8}") = "99 TestProjects", "99 TestProjects", "{B0C69B65-CA36-4AB7-8F77-4FD456BDB747}"
EndProject
Project("{FAE04EC0-301F-11D3-BF4B-00C04F79EFBC}") = "TestTools", "..\TestTools\TestTools.csproj", "{68261174-F40A-4922-A085-204BE9ACDB4E}"
EndProject
Project("{8BC9CEB8-8B4A-11D0-8D11-00A0C91BC942}") = "ManagedInjector32-2.0", "..\..\..\Mars2.0\Injector\ManagedInjector\ManagedInjector32-2.0.vcxproj", "{2F8C61C9-30A5-4950-8C04-CE0C5A740CD1}"
EndProject
Project("{FAE04EC0-301F-11D3-BF4B-00C04F79EFBC}") = "TestForm", "..\..\..\TestProjects\TestForm\TestForm.csproj", "{A8007DE2-B0DC-456C-9FA5-9CBFF1A63025}"
EndProject
Project("{8BC9CEB8-8B4A-11D0-8D11-00A0C91BC942}") = "ManagedInjector64-2.0", "..\..\..\Mars2.0\Injector\ManagedInjector\ManagedInjector64-2.0.vcxproj", "{4E8DC5B2-84DB-414C-8458-19458D34AB51}"
EndProject
Project("{8BC9CEB8-8B4A-11D0-8D11-00A0C91BC942}") = "ManagedInjector64-3.5", "..\..\..\Mars2.0\Injector\ManagedInjector\ManagedInjector64-3.5.vcxproj", "{C29817A9-3696-421D-89BD-F66681657C37}"
EndProject
Project("{FAE04EC0-301F-11D3-BF4B-00C04F79EFBC}") = "Mars.Inter.MQCenter.net.2", "..\..\..\Mars2.0\MarsInterMessage\Mars.Inter.MQCenter\dotNet2Version\Mars.Inter.MQCenter.net.2.csproj", "{63E4D971-5524-42F3-A923-7CB143FE0E8A}"
EndProject
Project("{FAE04EC0-301F-11D3-BF4B-00C04F79EFBC}") = "TestFlowClient", "..\TestFlowClient\TestFlowClient.csproj", "{A735BD3A-D8EA-4FA5-9DB9-DDCD6C14A942}"
EndProject
Global
	GlobalSection(SolutionConfigurationPlatforms) = preSolution
		Debug|Any CPU = Debug|Any CPU
		Debug|x64 = Debug|x64
		Release|Any CPU = Release|Any CPU
		Release|x64 = Release|x64
	EndGlobalSection
	GlobalSection(ProjectConfigurationPlatforms) = postSolution
		{6BC4B105-05C0-4341-973C-65E2714BDAD6}.Debug|Any CPU.ActiveCfg = Debug|Any CPU
		{6BC4B105-05C0-4341-973C-65E2714BDAD6}.Debug|Any CPU.Build.0 = Debug|Any CPU
		{6BC4B105-05C0-4341-973C-65E2714BDAD6}.Debug|x64.ActiveCfg = Debug|Any CPU
		{6BC4B105-05C0-4341-973C-65E2714BDAD6}.Debug|x64.Build.0 = Debug|Any CPU
		{6BC4B105-05C0-4341-973C-65E2714BDAD6}.Release|Any CPU.ActiveCfg = Release|Any CPU
		{6BC4B105-05C0-4341-973C-65E2714BDAD6}.Release|Any CPU.Build.0 = Release|Any CPU
		{6BC4B105-05C0-4341-973C-65E2714BDAD6}.Release|x64.ActiveCfg = Release|Any CPU
		{6BC4B105-05C0-4341-973C-65E2714BDAD6}.Release|x64.Build.0 = Release|Any CPU
		{05201161-BADA-4EA2-BC9B-4CCB8EB6EE1E}.Debug|Any CPU.ActiveCfg = Debug|Any CPU
		{05201161-BADA-4EA2-BC9B-4CCB8EB6EE1E}.Debug|Any CPU.Build.0 = Debug|Any CPU
		{05201161-BADA-4EA2-BC9B-4CCB8EB6EE1E}.Debug|x64.ActiveCfg = Debug|Any CPU
		{05201161-BADA-4EA2-BC9B-4CCB8EB6EE1E}.Debug|x64.Build.0 = Debug|Any CPU
		{05201161-BADA-4EA2-BC9B-4CCB8EB6EE1E}.Release|Any CPU.ActiveCfg = Release|Any CPU
		{05201161-BADA-4EA2-BC9B-4CCB8EB6EE1E}.Release|Any CPU.Build.0 = Release|Any CPU
		{05201161-BADA-4EA2-BC9B-4CCB8EB6EE1E}.Release|x64.ActiveCfg = Release|Any CPU
		{05201161-BADA-4EA2-BC9B-4CCB8EB6EE1E}.Release|x64.Build.0 = Release|Any CPU
		{D923E1BE-48C8-47DA-8A7D-C3B518E6C4B6}.Debug|Any CPU.ActiveCfg = Debug|Any CPU
		{D923E1BE-48C8-47DA-8A7D-C3B518E6C4B6}.Debug|Any CPU.Build.0 = Debug|Any CPU
		{D923E1BE-48C8-47DA-8A7D-C3B518E6C4B6}.Debug|x64.ActiveCfg = Debug|Any CPU
		{D923E1BE-48C8-47DA-8A7D-C3B518E6C4B6}.Debug|x64.Build.0 = Debug|Any CPU
		{D923E1BE-48C8-47DA-8A7D-C3B518E6C4B6}.Release|Any CPU.ActiveCfg = Release|Any CPU
		{D923E1BE-48C8-47DA-8A7D-C3B518E6C4B6}.Release|Any CPU.Build.0 = Release|Any CPU
		{D923E1BE-48C8-47DA-8A7D-C3B518E6C4B6}.Release|x64.ActiveCfg = Release|Any CPU
		{D923E1BE-48C8-47DA-8A7D-C3B518E6C4B6}.Release|x64.Build.0 = Release|Any CPU
		{A27C8B34-2527-4258-8C07-D2720C576B90}.Debug|Any CPU.ActiveCfg = Debug|x64
		{A27C8B34-2527-4258-8C07-D2720C576B90}.Debug|x64.ActiveCfg = Debug|x64
		{A27C8B34-2527-4258-8C07-D2720C576B90}.Debug|x64.Build.0 = Debug|x64
		{A27C8B34-2527-4258-8C07-D2720C576B90}.Release|Any CPU.ActiveCfg = Release|x64
		{A27C8B34-2527-4258-8C07-D2720C576B90}.Release|x64.ActiveCfg = Release|x64
		{A27C8B34-2527-4258-8C07-D2720C576B90}.Release|x64.Build.0 = Release|x64
		{E1CDBDDF-7FF8-4D57-879C-E1BF0BF98287}.Debug|Any CPU.ActiveCfg = Debug|Any CPU
		{E1CDBDDF-7FF8-4D57-879C-E1BF0BF98287}.Debug|Any CPU.Build.0 = Debug|Any CPU
		{E1CDBDDF-7FF8-4D57-879C-E1BF0BF98287}.Debug|x64.ActiveCfg = Debug|Any CPU
		{E1CDBDDF-7FF8-4D57-879C-E1BF0BF98287}.Debug|x64.Build.0 = Debug|Any CPU
		{E1CDBDDF-7FF8-4D57-879C-E1BF0BF98287}.Release|Any CPU.ActiveCfg = Release|Any CPU
		{E1CDBDDF-7FF8-4D57-879C-E1BF0BF98287}.Release|Any CPU.Build.0 = Release|Any CPU
		{E1CDBDDF-7FF8-4D57-879C-E1BF0BF98287}.Release|x64.ActiveCfg = Release|Any CPU
		{E1CDBDDF-7FF8-4D57-879C-E1BF0BF98287}.Release|x64.Build.0 = Release|Any CPU
		{F19EDDA6-3624-4BA6-A91E-DBCB2DA7FE38}.Debug|Any CPU.ActiveCfg = Debug|Any CPU
		{F19EDDA6-3624-4BA6-A91E-DBCB2DA7FE38}.Debug|Any CPU.Build.0 = Debug|Any CPU
		{F19EDDA6-3624-4BA6-A91E-DBCB2DA7FE38}.Debug|x64.ActiveCfg = Debug|Any CPU
		{F19EDDA6-3624-4BA6-A91E-DBCB2DA7FE38}.Debug|x64.Build.0 = Debug|Any CPU
		{F19EDDA6-3624-4BA6-A91E-DBCB2DA7FE38}.Release|Any CPU.ActiveCfg = Release|Any CPU
		{F19EDDA6-3624-4BA6-A91E-DBCB2DA7FE38}.Release|Any CPU.Build.0 = Release|Any CPU
		{F19EDDA6-3624-4BA6-A91E-DBCB2DA7FE38}.Release|x64.ActiveCfg = Release|Any CPU
		{F19EDDA6-3624-4BA6-A91E-DBCB2DA7FE38}.Release|x64.Build.0 = Release|Any CPU
		{B748E75E-AFF9-4FEA-8581-7F04AD5DA539}.Debug|Any CPU.ActiveCfg = Debug|Any CPU
		{B748E75E-AFF9-4FEA-8581-7F04AD5DA539}.Debug|Any CPU.Build.0 = Debug|Any CPU
		{B748E75E-AFF9-4FEA-8581-7F04AD5DA539}.Debug|x64.ActiveCfg = Debug|Any CPU
		{B748E75E-AFF9-4FEA-8581-7F04AD5DA539}.Debug|x64.Build.0 = Debug|Any CPU
		{B748E75E-AFF9-4FEA-8581-7F04AD5DA539}.Release|Any CPU.ActiveCfg = Release|Any CPU
		{B748E75E-AFF9-4FEA-8581-7F04AD5DA539}.Release|Any CPU.Build.0 = Release|Any CPU
		{B748E75E-AFF9-4FEA-8581-7F04AD5DA539}.Release|x64.ActiveCfg = Release|Any CPU
		{B748E75E-AFF9-4FEA-8581-7F04AD5DA539}.Release|x64.Build.0 = Release|Any CPU
		{239DAAEA-1A19-4D8C-B296-C9BF3CA865E9}.Debug|Any CPU.ActiveCfg = Debug|Any CPU
		{239DAAEA-1A19-4D8C-B296-C9BF3CA865E9}.Debug|Any CPU.Build.0 = Debug|Any CPU
		{239DAAEA-1A19-4D8C-B296-C9BF3CA865E9}.Debug|x64.ActiveCfg = Debug|Any CPU
		{239DAAEA-1A19-4D8C-B296-C9BF3CA865E9}.Debug|x64.Build.0 = Debug|Any CPU
		{239DAAEA-1A19-4D8C-B296-C9BF3CA865E9}.Release|Any CPU.ActiveCfg = Release|Any CPU
		{239DAAEA-1A19-4D8C-B296-C9BF3CA865E9}.Release|Any CPU.Build.0 = Release|Any CPU
		{239DAAEA-1A19-4D8C-B296-C9BF3CA865E9}.Release|x64.ActiveCfg = Release|Any CPU
		{239DAAEA-1A19-4D8C-B296-C9BF3CA865E9}.Release|x64.Build.0 = Release|Any CPU
		{68261174-F40A-4922-A085-204BE9ACDB4E}.Debug|Any CPU.ActiveCfg = Debug|Any CPU
		{68261174-F40A-4922-A085-204BE9ACDB4E}.Debug|Any CPU.Build.0 = Debug|Any CPU
		{68261174-F40A-4922-A085-204BE9ACDB4E}.Debug|x64.ActiveCfg = Debug|Any CPU
		{68261174-F40A-4922-A085-204BE9ACDB4E}.Debug|x64.Build.0 = Debug|Any CPU
		{68261174-F40A-4922-A085-204BE9ACDB4E}.Release|Any CPU.ActiveCfg = Release|Any CPU
		{68261174-F40A-4922-A085-204BE9ACDB4E}.Release|Any CPU.Build.0 = Release|Any CPU
		{68261174-F40A-4922-A085-204BE9ACDB4E}.Release|x64.ActiveCfg = Release|Any CPU
		{68261174-F40A-4922-A085-204BE9ACDB4E}.Release|x64.Build.0 = Release|Any CPU
		{2F8C61C9-30A5-4950-8C04-CE0C5A740CD1}.Debug|Any CPU.ActiveCfg = Debug|x64
		{2F8C61C9-30A5-4950-8C04-CE0C5A740CD1}.Debug|x64.ActiveCfg = Debug|x64
		{2F8C61C9-30A5-4950-8C04-CE0C5A740CD1}.Debug|x64.Build.0 = Debug|x64
		{2F8C61C9-30A5-4950-8C04-CE0C5A740CD1}.Release|Any CPU.ActiveCfg = Release|x64
		{2F8C61C9-30A5-4950-8C04-CE0C5A740CD1}.Release|x64.ActiveCfg = Release|x64
		{2F8C61C9-30A5-4950-8C04-CE0C5A740CD1}.Release|x64.Build.0 = Release|x64
		{A8007DE2-B0DC-456C-9FA5-9CBFF1A63025}.Debug|Any CPU.ActiveCfg = Debug|Any CPU
		{A8007DE2-B0DC-456C-9FA5-9CBFF1A63025}.Debug|Any CPU.Build.0 = Debug|Any CPU
		{A8007DE2-B0DC-456C-9FA5-9CBFF1A63025}.Debug|x64.ActiveCfg = Debug|Any CPU
		{A8007DE2-B0DC-456C-9FA5-9CBFF1A63025}.Debug|x64.Build.0 = Debug|Any CPU
		{A8007DE2-B0DC-456C-9FA5-9CBFF1A63025}.Release|Any CPU.ActiveCfg = Release|Any CPU
		{A8007DE2-B0DC-456C-9FA5-9CBFF1A63025}.Release|Any CPU.Build.0 = Release|Any CPU
		{A8007DE2-B0DC-456C-9FA5-9CBFF1A63025}.Release|x64.ActiveCfg = Release|Any CPU
		{A8007DE2-B0DC-456C-9FA5-9CBFF1A63025}.Release|x64.Build.0 = Release|Any CPU
		{4E8DC5B2-84DB-414C-8458-19458D34AB51}.Debug|Any CPU.ActiveCfg = Debug|x64
		{4E8DC5B2-84DB-414C-8458-19458D34AB51}.Debug|x64.ActiveCfg = Debug|x64
		{4E8DC5B2-84DB-414C-8458-19458D34AB51}.Debug|x64.Build.0 = Debug|x64
		{4E8DC5B2-84DB-414C-8458-19458D34AB51}.Release|Any CPU.ActiveCfg = Release|x64
		{4E8DC5B2-84DB-414C-8458-19458D34AB51}.Release|x64.ActiveCfg = Release|x64
		{4E8DC5B2-84DB-414C-8458-19458D34AB51}.Release|x64.Build.0 = Release|x64
		{C29817A9-3696-421D-89BD-F66681657C37}.Debug|Any CPU.ActiveCfg = Debug|x64
		{C29817A9-3696-421D-89BD-F66681657C37}.Debug|x64.ActiveCfg = Debug|x64
		{C29817A9-3696-421D-89BD-F66681657C37}.Debug|x64.Build.0 = Debug|x64
		{C29817A9-3696-421D-89BD-F66681657C37}.Release|Any CPU.ActiveCfg = Release|x64
		{C29817A9-3696-421D-89BD-F66681657C37}.Release|x64.ActiveCfg = Release|x64
		{C29817A9-3696-421D-89BD-F66681657C37}.Release|x64.Build.0 = Release|x64
		{63E4D971-5524-42F3-A923-7CB143FE0E8A}.Debug|Any CPU.ActiveCfg = Debug|Any CPU
		{63E4D971-5524-42F3-A923-7CB143FE0E8A}.Debug|Any CPU.Build.0 = Debug|Any CPU
		{63E4D971-5524-42F3-A923-7CB143FE0E8A}.Debug|x64.ActiveCfg = Debug|Any CPU
		{63E4D971-5524-42F3-A923-7CB143FE0E8A}.Debug|x64.Build.0 = Debug|Any CPU
		{63E4D971-5524-42F3-A923-7CB143FE0E8A}.Release|Any CPU.ActiveCfg = Release|Any CPU
		{63E4D971-5524-42F3-A923-7CB143FE0E8A}.Release|Any CPU.Build.0 = Release|Any CPU
		{63E4D971-5524-42F3-A923-7CB143FE0E8A}.Release|x64.ActiveCfg = Release|Any CPU
		{63E4D971-5524-42F3-A923-7CB143FE0E8A}.Release|x64.Build.0 = Release|Any CPU
		{A735BD3A-D8EA-4FA5-9DB9-DDCD6C14A942}.Debug|Any CPU.ActiveCfg = Debug|Any CPU
		{A735BD3A-D8EA-4FA5-9DB9-DDCD6C14A942}.Debug|Any CPU.Build.0 = Debug|Any CPU
		{A735BD3A-D8EA-4FA5-9DB9-DDCD6C14A942}.Debug|x64.ActiveCfg = Debug|Any CPU
		{A735BD3A-D8EA-4FA5-9DB9-DDCD6C14A942}.Debug|x64.Build.0 = Debug|Any CPU
		{A735BD3A-D8EA-4FA5-9DB9-DDCD6C14A942}.Release|Any CPU.ActiveCfg = Release|Any CPU
		{A735BD3A-D8EA-4FA5-9DB9-DDCD6C14A942}.Release|Any CPU.Build.0 = Release|Any CPU
		{A735BD3A-D8EA-4FA5-9DB9-DDCD6C14A942}.Release|x64.ActiveCfg = Release|Any CPU
		{A735BD3A-D8EA-4FA5-9DB9-DDCD6C14A942}.Release|x64.Build.0 = Release|Any CPU
	EndGlobalSection
	GlobalSection(SolutionProperties) = preSolution
		HideSolutionNode = FALSE
	EndGlobalSection
	GlobalSection(NestedProjects) = preSolution
		{05201161-BADA-4EA2-BC9B-4CCB8EB6EE1E} = {3F1B9AF6-CD92-4314-BCDC-8B2E104C5178}
		{D923E1BE-48C8-47DA-8A7D-C3B518E6C4B6} = {75C34C2E-B757-400E-81C8-50C912C1EF81}
		{A27C8B34-2527-4258-8C07-D2720C576B90} = {3F1B9AF6-CD92-4314-BCDC-8B2E104C5178}
		{E1CDBDDF-7FF8-4D57-879C-E1BF0BF98287} = {75C34C2E-B757-400E-81C8-50C912C1EF81}
		{F19EDDA6-3624-4BA6-A91E-DBCB2DA7FE38} = {75C34C2E-B757-400E-81C8-50C912C1EF81}
		{B748E75E-AFF9-4FEA-8581-7F04AD5DA539} = {75C34C2E-B757-400E-81C8-50C912C1EF81}
		{239DAAEA-1A19-4D8C-B296-C9BF3CA865E9} = {1444CCFC-9821-48DF-BBA4-F0015CDDBF81}
		{68261174-F40A-4922-A085-204BE9ACDB4E} = {B0C69B65-CA36-4AB7-8F77-4FD456BDB747}
		{2F8C61C9-30A5-4950-8C04-CE0C5A740CD1} = {3F1B9AF6-CD92-4314-BCDC-8B2E104C5178}
		{A8007DE2-B0DC-456C-9FA5-9CBFF1A63025} = {B0C69B65-CA36-4AB7-8F77-4FD456BDB747}
		{4E8DC5B2-84DB-414C-8458-19458D34AB51} = {3F1B9AF6-CD92-4314-BCDC-8B2E104C5178}
		{C29817A9-3696-421D-89BD-F66681657C37} = {3F1B9AF6-CD92-4314-BCDC-8B2E104C5178}
		{63E4D971-5524-42F3-A923-7CB143FE0E8A} = {75C34C2E-B757-400E-81C8-50C912C1EF81}
		{A735BD3A-D8EA-4FA5-9DB9-DDCD6C14A942} = {3F1B9AF6-CD92-4314-BCDC-8B2E104C5178}
	EndGlobalSection
	GlobalSection(ExtensibilityGlobals) = postSolution
		SolutionGuid = {845C70F3-BA99-4CAF-A104-C10A94C97CC1}
	EndGlobalSection
EndGlobal
