
Microsoft Visual Studio Solution File, Format Version 12.00
# Visual Studio Version 17
VisualStudioVersion = 17.2.32616.157
MinimumVisualStudioVersion = 10.0.40219.1
Project("{FAE04EC0-301F-11D3-BF4B-00C04F79EFBC}") = "Mars.AutoTestingDriver.AnyCpu", "Mars.AutoTestingDriver.AnyCpu.csproj", "{78389966-000F-4641-9A62-D11741F9F08E}"
EndProject
Project("{FAE04EC0-301F-11D3-BF4B-00C04F79EFBC}") = "Mars.DB.Extend", "..\..\Mars.DB\Mars.DB.Extend.csproj", "{239DAAEA-1A19-4D8C-B296-C9BF3CA865E9}"
EndProject
Project("{FAE04EC0-301F-11D3-BF4B-00C04F79EFBC}") = "Mars.Securities", "..\..\Utilities\Mars.Securities\Mars.Securities.csproj", "{E1CDBDDF-7FF8-4D57-879C-E1BF0BF98287}"
EndProject
Project("{FAE04EC0-301F-11D3-BF4B-00C04F79EFBC}") = "Mars.Inter.MQCenter.AnyCpu", "..\..\..\Mars2.0\MarsInterMessage\Mars.Inter.MQCenter\Mars.Inter.MQCenter.AnyCpu.csproj", "{D923E1BE-48C8-47DA-8A7D-C3B518E6C4B6}"
EndProject
Project("{8BC9CEB8-8B4A-11D0-8D11-00A0C91BC942}") = "ManagedInjectorAny-4.0", "..\..\..\Mars2.0\Injector\ManagedInjector\ManagedInjector32-4.0.vcxproj", "{437A1246-C363-4242-8C2A-279D1DB896D8}"
EndProject
Project("{FAE04EC0-301F-11D3-BF4B-00C04F79EFBC}") = "TestFlowClient.AnyCpu", "..\TestFlowClient\TestFlowClient.AnyCpu.csproj", "{05201161-BADA-4EA2-BC9B-4CCB8EB6EE1E}"
EndProject
Project("{2150E333-8FDC-42A3-9474-1A3956D46DE8}") = "01 LogAndOtherLibs", "01 LogAndOtherLibs", "{9990270A-8BA5-47E5-AB98-E358E3D1D7EE}"
EndProject
Project("{FAE04EC0-301F-11D3-BF4B-00C04F79EFBC}") = "Mars.LogCommon", "..\MarsTestingFrame\Mars.LogCommon\Mars.LogCommon.csproj", "{F19EDDA6-3624-4BA6-A91E-DBCB2DA7FE38}"
EndProject
Project("{FAE04EC0-301F-11D3-BF4B-00C04F79EFBC}") = "MarsShellLib", "..\..\..\ShellBasics\ShellBasics\MarsShellLib.csproj", "{B748E75E-AFF9-4FEA-8581-7F04AD5DA539}"
EndProject
Project("{2150E333-8FDC-42A3-9474-1A3956D46DE8}") = "02 InjectorAndDB", "02 InjectorAndDB", "{46873A0A-F22D-495B-B493-E9A5B3EE1AB3}"
EndProject
Project("{FAE04EC0-301F-11D3-BF4B-00C04F79EFBC}") = "Mars.plugins.standards", "..\..\01 Plugins\Mars.plugins.standards\Mars.plugins.standards.csproj", "{73AB2085-4C8A-4C31-98B1-4C1572E1FCE3}"
EndProject
Project("{2150E333-8FDC-42A3-9474-1A3956D46DE8}") = "03 webVersion", "03 webVersion", "{A36D793D-2EB0-4A07-B138-F87E3F3CE6BF}"
EndProject
Project("{2150E333-8FDC-42A3-9474-1A3956D46DE8}") = "01 clickOnce", "01 clickOnce", "{4B528ED1-F033-443D-B57C-670401AC6051}"
EndProject
Project("{FAE04EC0-301F-11D3-BF4B-00C04F79EFBC}") = "Mars.AutoTestingDriver.AnyCpu - webClient", "Mars.AutoTestingDriver.AnyCpu - webClient.csproj", "{DFC95280-7252-4578-A8BD-921FAD0A6301}"
	ProjectSection(ProjectDependencies) = postProject
		{437A1246-C363-4242-8C2A-279D1DB896D8} = {437A1246-C363-4242-8C2A-279D1DB896D8}
		{78389966-000F-4641-9A62-D11741F9F08E} = {78389966-000F-4641-9A62-D11741F9F08E}
		{FC484768-3432-4485-8683-65A55EE6BECB} = {FC484768-3432-4485-8683-65A55EE6BECB}
	EndProjectSection
EndProject
Project("{FAE04EC0-301F-11D3-BF4B-00C04F79EFBC}") = "Mars.DB.Extend.Any.ClickOnce", "..\..\Mars.DB\Mars.DB.Extend.Any.ClickOnce.csproj", "{882DFD8D-A6E4-4825-B0BA-3D854E66DCA0}"
EndProject
Project("{FAE04EC0-301F-11D3-BF4B-00C04F79EFBC}") = "Mars.LogCommon - Any", "..\MarsTestingFrame\Mars.LogCommon\Mars.LogCommon - Any.csproj", "{8C9C047C-DDFC-4811-B1C6-B0468410CAD7}"
EndProject
Project("{FAE04EC0-301F-11D3-BF4B-00C04F79EFBC}") = "Mars.plugins.standards - Any", "..\..\01 Plugins\Mars.plugins.standards\Mars.plugins.standards - Any.csproj", "{08796AF8-A654-4BEB-89BA-A0445969F996}"
EndProject
Project("{FAE04EC0-301F-11D3-BF4B-00C04F79EFBC}") = "Mars.Securities - Any", "..\..\Utilities\Mars.Securities\Mars.Securities - Any.csproj", "{7806B8E2-AA1C-4E03-84AD-1665F7497498}"
EndProject
Project("{FAE04EC0-301F-11D3-BF4B-00C04F79EFBC}") = "MarsShellLib - Any", "..\..\..\ShellBasics\ShellBasics\MarsShellLib - Any.csproj", "{FC484768-3432-4485-8683-65A55EE6BECB}"
EndProject
Project("{2150E333-8FDC-42A3-9474-1A3956D46DE8}") = "04 Mobile", "04 Mobile", "{58711A36-F3E3-4177-B603-6E8B6CF7AEC1}"
EndProject
Project("{FAE04EC0-301F-11D3-BF4B-00C04F79EFBC}") = "MARSToolHostAgent32", "..\MARSToolHostAgent32\MARSToolHostAgent32.csproj", "{46DFDA09-C7DD-4C52-AAE2-A5F22D3822DE}"
EndProject
Global
	GlobalSection(SolutionConfigurationPlatforms) = preSolution
		DEBUG FOR WEBVERSION|Any CPU = DEBUG FOR WEBVERSION|Any CPU
		DEBUG FOR WEBVERSION|x64 = DEBUG FOR WEBVERSION|x64
		DEBUG FOR WEBVERSION|x86 = DEBUG FOR WEBVERSION|x86
		debug with qtp|Any CPU = debug with qtp|Any CPU
		debug with qtp|x64 = debug with qtp|x64
		debug with qtp|x86 = debug with qtp|x86
		debug x86|Any CPU = debug x86|Any CPU
		debug x86|x64 = debug x86|x64
		debug x86|x86 = debug x86|x86
		Debug|Any CPU = Debug|Any CPU
		Debug|x64 = Debug|x64
		Debug|x86 = Debug|x86
		DebugQT|Any CPU = DebugQT|Any CPU
		DebugQT|x64 = DebugQT|x64
		DebugQT|x86 = DebugQT|x86
		Release For WEB|Any CPU = Release For WEB|Any CPU
		Release For WEB|x64 = Release For WEB|x64
		Release For WEB|x86 = Release For WEB|x86
		Release For Webversion|Any CPU = Release For Webversion|Any CPU
		Release For Webversion|x64 = Release For Webversion|x64
		Release For Webversion|x86 = Release For Webversion|x86
		release with qtp|Any CPU = release with qtp|Any CPU
		release with qtp|x64 = release with qtp|x64
		release with qtp|x86 = release with qtp|x86
		Release|Any CPU = Release|Any CPU
		Release|x64 = Release|x64
		Release|x86 = Release|x86
		ReleaseQT|Any CPU = ReleaseQT|Any CPU
		ReleaseQT|x64 = ReleaseQT|x64
		ReleaseQT|x86 = ReleaseQT|x86
	EndGlobalSection
	GlobalSection(ProjectConfigurationPlatforms) = postSolution
		{78389966-000F-4641-9A62-D11741F9F08E}.DEBUG FOR WEBVERSION|Any CPU.ActiveCfg = DEBUG FOR WEBVERSION|Any CPU
		{78389966-000F-4641-9A62-D11741F9F08E}.DEBUG FOR WEBVERSION|Any CPU.Build.0 = DEBUG FOR WEBVERSION|Any CPU
		{78389966-000F-4641-9A62-D11741F9F08E}.DEBUG FOR WEBVERSION|x64.ActiveCfg = DEBUG FOR WEBVERSION|Any CPU
		{78389966-000F-4641-9A62-D11741F9F08E}.DEBUG FOR WEBVERSION|x64.Build.0 = DEBUG FOR WEBVERSION|Any CPU
		{78389966-000F-4641-9A62-D11741F9F08E}.DEBUG FOR WEBVERSION|x86.ActiveCfg = DEBUG FOR WEBVERSION|x86
		{78389966-000F-4641-9A62-D11741F9F08E}.DEBUG FOR WEBVERSION|x86.Build.0 = DEBUG FOR WEBVERSION|x86
		{78389966-000F-4641-9A62-D11741F9F08E}.debug with qtp|Any CPU.ActiveCfg = Debug|Any CPU
		{78389966-000F-4641-9A62-D11741F9F08E}.debug with qtp|Any CPU.Build.0 = Debug|Any CPU
		{78389966-000F-4641-9A62-D11741F9F08E}.debug with qtp|x64.ActiveCfg = Debug|Any CPU
		{78389966-000F-4641-9A62-D11741F9F08E}.debug with qtp|x64.Build.0 = Debug|Any CPU
		{78389966-000F-4641-9A62-D11741F9F08E}.debug with qtp|x86.ActiveCfg = Debug|x86
		{78389966-000F-4641-9A62-D11741F9F08E}.debug with qtp|x86.Build.0 = Debug|x86
		{78389966-000F-4641-9A62-D11741F9F08E}.debug x86|Any CPU.ActiveCfg = DEBUG FOR WEBVERSION|Any CPU
		{78389966-000F-4641-9A62-D11741F9F08E}.debug x86|Any CPU.Build.0 = DEBUG FOR WEBVERSION|Any CPU
		{78389966-000F-4641-9A62-D11741F9F08E}.debug x86|x64.ActiveCfg = DEBUG FOR WEBVERSION|Any CPU
		{78389966-000F-4641-9A62-D11741F9F08E}.debug x86|x64.Build.0 = DEBUG FOR WEBVERSION|Any CPU
		{78389966-000F-4641-9A62-D11741F9F08E}.debug x86|x86.ActiveCfg = DEBUG FOR WEBVERSION|x86
		{78389966-000F-4641-9A62-D11741F9F08E}.debug x86|x86.Build.0 = DEBUG FOR WEBVERSION|x86
		{78389966-000F-4641-9A62-D11741F9F08E}.Debug|Any CPU.ActiveCfg = Debug|Any CPU
		{78389966-000F-4641-9A62-D11741F9F08E}.Debug|Any CPU.Build.0 = Debug|Any CPU
		{78389966-000F-4641-9A62-D11741F9F08E}.Debug|x64.ActiveCfg = Debug|Any CPU
		{78389966-000F-4641-9A62-D11741F9F08E}.Debug|x64.Build.0 = Debug|Any CPU
		{78389966-000F-4641-9A62-D11741F9F08E}.Debug|x86.ActiveCfg = Debug|x86
		{78389966-000F-4641-9A62-D11741F9F08E}.Debug|x86.Build.0 = Debug|x86
		{78389966-000F-4641-9A62-D11741F9F08E}.DebugQT|Any CPU.ActiveCfg = Debug|Any CPU
		{78389966-000F-4641-9A62-D11741F9F08E}.DebugQT|Any CPU.Build.0 = Debug|Any CPU
		{78389966-000F-4641-9A62-D11741F9F08E}.DebugQT|x64.ActiveCfg = Debug|Any CPU
		{78389966-000F-4641-9A62-D11741F9F08E}.DebugQT|x64.Build.0 = Debug|Any CPU
		{78389966-000F-4641-9A62-D11741F9F08E}.DebugQT|x86.ActiveCfg = Debug|x86
		{78389966-000F-4641-9A62-D11741F9F08E}.DebugQT|x86.Build.0 = Debug|x86
		{78389966-000F-4641-9A62-D11741F9F08E}.Release For WEB|Any CPU.ActiveCfg = Release For Webversion|Any CPU
		{78389966-000F-4641-9A62-D11741F9F08E}.Release For WEB|Any CPU.Build.0 = Release For Webversion|Any CPU
		{78389966-000F-4641-9A62-D11741F9F08E}.Release For WEB|x64.ActiveCfg = Release For Webversion|Any CPU
		{78389966-000F-4641-9A62-D11741F9F08E}.Release For WEB|x64.Build.0 = Release For Webversion|Any CPU
		{78389966-000F-4641-9A62-D11741F9F08E}.Release For WEB|x86.ActiveCfg = Release For Webversion|x86
		{78389966-000F-4641-9A62-D11741F9F08E}.Release For WEB|x86.Build.0 = Release For Webversion|x86
		{78389966-000F-4641-9A62-D11741F9F08E}.Release For Webversion|Any CPU.ActiveCfg = Release For Webversion|Any CPU
		{78389966-000F-4641-9A62-D11741F9F08E}.Release For Webversion|Any CPU.Build.0 = Release For Webversion|Any CPU
		{78389966-000F-4641-9A62-D11741F9F08E}.Release For Webversion|x64.ActiveCfg = Release For Webversion|Any CPU
		{78389966-000F-4641-9A62-D11741F9F08E}.Release For Webversion|x64.Build.0 = Release For Webversion|Any CPU
		{78389966-000F-4641-9A62-D11741F9F08E}.Release For Webversion|x86.ActiveCfg = Release For Webversion|x86
		{78389966-000F-4641-9A62-D11741F9F08E}.Release For Webversion|x86.Build.0 = Release For Webversion|x86
		{78389966-000F-4641-9A62-D11741F9F08E}.release with qtp|Any CPU.ActiveCfg = Release|Any CPU
		{78389966-000F-4641-9A62-D11741F9F08E}.release with qtp|Any CPU.Build.0 = Release|Any CPU
		{78389966-000F-4641-9A62-D11741F9F08E}.release with qtp|x64.ActiveCfg = Release|Any CPU
		{78389966-000F-4641-9A62-D11741F9F08E}.release with qtp|x64.Build.0 = Release|Any CPU
		{78389966-000F-4641-9A62-D11741F9F08E}.release with qtp|x86.ActiveCfg = Release|x86
		{78389966-000F-4641-9A62-D11741F9F08E}.release with qtp|x86.Build.0 = Release|x86
		{78389966-000F-4641-9A62-D11741F9F08E}.Release|Any CPU.ActiveCfg = Release|Any CPU
		{78389966-000F-4641-9A62-D11741F9F08E}.Release|Any CPU.Build.0 = Release|Any CPU
		{78389966-000F-4641-9A62-D11741F9F08E}.Release|x64.ActiveCfg = Release|Any CPU
		{78389966-000F-4641-9A62-D11741F9F08E}.Release|x64.Build.0 = Release|Any CPU
		{78389966-000F-4641-9A62-D11741F9F08E}.Release|x86.ActiveCfg = Release|x86
		{78389966-000F-4641-9A62-D11741F9F08E}.Release|x86.Build.0 = Release|x86
		{78389966-000F-4641-9A62-D11741F9F08E}.ReleaseQT|Any CPU.ActiveCfg = Release For Webversion|Any CPU
		{78389966-000F-4641-9A62-D11741F9F08E}.ReleaseQT|Any CPU.Build.0 = Release For Webversion|Any CPU
		{78389966-000F-4641-9A62-D11741F9F08E}.ReleaseQT|x64.ActiveCfg = Release For Webversion|Any CPU
		{78389966-000F-4641-9A62-D11741F9F08E}.ReleaseQT|x64.Build.0 = Release For Webversion|Any CPU
		{78389966-000F-4641-9A62-D11741F9F08E}.ReleaseQT|x86.ActiveCfg = Release For Webversion|x86
		{78389966-000F-4641-9A62-D11741F9F08E}.ReleaseQT|x86.Build.0 = Release For Webversion|x86
		{239DAAEA-1A19-4D8C-B296-C9BF3CA865E9}.DEBUG FOR WEBVERSION|Any CPU.ActiveCfg = DEBUG FOR WEBVERSION|Any CPU
		{239DAAEA-1A19-4D8C-B296-C9BF3CA865E9}.DEBUG FOR WEBVERSION|Any CPU.Build.0 = DEBUG FOR WEBVERSION|Any CPU
		{239DAAEA-1A19-4D8C-B296-C9BF3CA865E9}.DEBUG FOR WEBVERSION|x64.ActiveCfg = DEBUG FOR WEBVERSION|Any CPU
		{239DAAEA-1A19-4D8C-B296-C9BF3CA865E9}.DEBUG FOR WEBVERSION|x64.Build.0 = DEBUG FOR WEBVERSION|Any CPU
		{239DAAEA-1A19-4D8C-B296-C9BF3CA865E9}.DEBUG FOR WEBVERSION|x86.ActiveCfg = DEBUG FOR WEBVERSION|x86
		{239DAAEA-1A19-4D8C-B296-C9BF3CA865E9}.DEBUG FOR WEBVERSION|x86.Build.0 = DEBUG FOR WEBVERSION|x86
		{239DAAEA-1A19-4D8C-B296-C9BF3CA865E9}.debug with qtp|Any CPU.ActiveCfg = debug with qtp|Any CPU
		{239DAAEA-1A19-4D8C-B296-C9BF3CA865E9}.debug with qtp|Any CPU.Build.0 = debug with qtp|Any CPU
		{239DAAEA-1A19-4D8C-B296-C9BF3CA865E9}.debug with qtp|x64.ActiveCfg = debug with qtp|Any CPU
		{239DAAEA-1A19-4D8C-B296-C9BF3CA865E9}.debug with qtp|x64.Build.0 = debug with qtp|Any CPU
		{239DAAEA-1A19-4D8C-B296-C9BF3CA865E9}.debug with qtp|x86.ActiveCfg = debug with qtp|Any CPU
		{239DAAEA-1A19-4D8C-B296-C9BF3CA865E9}.debug with qtp|x86.Build.0 = debug with qtp|Any CPU
		{239DAAEA-1A19-4D8C-B296-C9BF3CA865E9}.debug x86|Any CPU.ActiveCfg = debug x86|Any CPU
		{239DAAEA-1A19-4D8C-B296-C9BF3CA865E9}.debug x86|Any CPU.Build.0 = debug x86|Any CPU
		{239DAAEA-1A19-4D8C-B296-C9BF3CA865E9}.debug x86|x64.ActiveCfg = debug x86|Any CPU
		{239DAAEA-1A19-4D8C-B296-C9BF3CA865E9}.debug x86|x64.Build.0 = debug x86|Any CPU
		{239DAAEA-1A19-4D8C-B296-C9BF3CA865E9}.debug x86|x86.ActiveCfg = debug x86|x86
		{239DAAEA-1A19-4D8C-B296-C9BF3CA865E9}.debug x86|x86.Build.0 = debug x86|x86
		{239DAAEA-1A19-4D8C-B296-C9BF3CA865E9}.Debug|Any CPU.ActiveCfg = Debug|Any CPU
		{239DAAEA-1A19-4D8C-B296-C9BF3CA865E9}.Debug|Any CPU.Build.0 = Debug|Any CPU
		{239DAAEA-1A19-4D8C-B296-C9BF3CA865E9}.Debug|x64.ActiveCfg = Debug|Any CPU
		{239DAAEA-1A19-4D8C-B296-C9BF3CA865E9}.Debug|x64.Build.0 = Debug|Any CPU
		{239DAAEA-1A19-4D8C-B296-C9BF3CA865E9}.Debug|x86.ActiveCfg = Debug|Any CPU
		{239DAAEA-1A19-4D8C-B296-C9BF3CA865E9}.Debug|x86.Build.0 = Debug|Any CPU
		{239DAAEA-1A19-4D8C-B296-C9BF3CA865E9}.DebugQT|Any CPU.ActiveCfg = DebugQT|Any CPU
		{239DAAEA-1A19-4D8C-B296-C9BF3CA865E9}.DebugQT|Any CPU.Build.0 = DebugQT|Any CPU
		{239DAAEA-1A19-4D8C-B296-C9BF3CA865E9}.DebugQT|x64.ActiveCfg = DebugQT|Any CPU
		{239DAAEA-1A19-4D8C-B296-C9BF3CA865E9}.DebugQT|x64.Build.0 = DebugQT|Any CPU
		{239DAAEA-1A19-4D8C-B296-C9BF3CA865E9}.DebugQT|x86.ActiveCfg = DebugQT|Any CPU
		{239DAAEA-1A19-4D8C-B296-C9BF3CA865E9}.DebugQT|x86.Build.0 = DebugQT|Any CPU
		{239DAAEA-1A19-4D8C-B296-C9BF3CA865E9}.Release For WEB|Any CPU.ActiveCfg = Release For WEB|Any CPU
		{239DAAEA-1A19-4D8C-B296-C9BF3CA865E9}.Release For WEB|Any CPU.Build.0 = Release For WEB|Any CPU
		{239DAAEA-1A19-4D8C-B296-C9BF3CA865E9}.Release For WEB|x64.ActiveCfg = Release For WEB|Any CPU
		{239DAAEA-1A19-4D8C-B296-C9BF3CA865E9}.Release For WEB|x64.Build.0 = Release For WEB|Any CPU
		{239DAAEA-1A19-4D8C-B296-C9BF3CA865E9}.Release For WEB|x86.ActiveCfg = Release For WEB|x86
		{239DAAEA-1A19-4D8C-B296-C9BF3CA865E9}.Release For WEB|x86.Build.0 = Release For WEB|x86
		{239DAAEA-1A19-4D8C-B296-C9BF3CA865E9}.Release For Webversion|Any CPU.ActiveCfg = Release For Webversion|Any CPU
		{239DAAEA-1A19-4D8C-B296-C9BF3CA865E9}.Release For Webversion|Any CPU.Build.0 = Release For Webversion|Any CPU
		{239DAAEA-1A19-4D8C-B296-C9BF3CA865E9}.Release For Webversion|x64.ActiveCfg = Release For Webversion|Any CPU
		{239DAAEA-1A19-4D8C-B296-C9BF3CA865E9}.Release For Webversion|x64.Build.0 = Release For Webversion|Any CPU
		{239DAAEA-1A19-4D8C-B296-C9BF3CA865E9}.Release For Webversion|x86.ActiveCfg = Release For Webversion|x86
		{239DAAEA-1A19-4D8C-B296-C9BF3CA865E9}.Release For Webversion|x86.Build.0 = Release For Webversion|x86
		{239DAAEA-1A19-4D8C-B296-C9BF3CA865E9}.release with qtp|Any CPU.ActiveCfg = release with qtp|Any CPU
		{239DAAEA-1A19-4D8C-B296-C9BF3CA865E9}.release with qtp|Any CPU.Build.0 = release with qtp|Any CPU
		{239DAAEA-1A19-4D8C-B296-C9BF3CA865E9}.release with qtp|x64.ActiveCfg = release with qtp|Any CPU
		{239DAAEA-1A19-4D8C-B296-C9BF3CA865E9}.release with qtp|x64.Build.0 = release with qtp|Any CPU
		{239DAAEA-1A19-4D8C-B296-C9BF3CA865E9}.release with qtp|x86.ActiveCfg = release with qtp|Any CPU
		{239DAAEA-1A19-4D8C-B296-C9BF3CA865E9}.release with qtp|x86.Build.0 = release with qtp|Any CPU
		{239DAAEA-1A19-4D8C-B296-C9BF3CA865E9}.Release|Any CPU.ActiveCfg = Release|Any CPU
		{239DAAEA-1A19-4D8C-B296-C9BF3CA865E9}.Release|Any CPU.Build.0 = Release|Any CPU
		{239DAAEA-1A19-4D8C-B296-C9BF3CA865E9}.Release|x64.ActiveCfg = Release|Any CPU
		{239DAAEA-1A19-4D8C-B296-C9BF3CA865E9}.Release|x64.Build.0 = Release|Any CPU
		{239DAAEA-1A19-4D8C-B296-C9BF3CA865E9}.Release|x86.ActiveCfg = Release|x86
		{239DAAEA-1A19-4D8C-B296-C9BF3CA865E9}.Release|x86.Build.0 = Release|x86
		{239DAAEA-1A19-4D8C-B296-C9BF3CA865E9}.ReleaseQT|Any CPU.ActiveCfg = ReleaseQT|Any CPU
		{239DAAEA-1A19-4D8C-B296-C9BF3CA865E9}.ReleaseQT|Any CPU.Build.0 = ReleaseQT|Any CPU
		{239DAAEA-1A19-4D8C-B296-C9BF3CA865E9}.ReleaseQT|x64.ActiveCfg = ReleaseQT|Any CPU
		{239DAAEA-1A19-4D8C-B296-C9BF3CA865E9}.ReleaseQT|x64.Build.0 = ReleaseQT|Any CPU
		{239DAAEA-1A19-4D8C-B296-C9BF3CA865E9}.ReleaseQT|x86.ActiveCfg = ReleaseQT|x86
		{239DAAEA-1A19-4D8C-B296-C9BF3CA865E9}.ReleaseQT|x86.Build.0 = ReleaseQT|x86
		{E1CDBDDF-7FF8-4D57-879C-E1BF0BF98287}.DEBUG FOR WEBVERSION|Any CPU.ActiveCfg = DEBUG FOR WEBVERSION|Any CPU
		{E1CDBDDF-7FF8-4D57-879C-E1BF0BF98287}.DEBUG FOR WEBVERSION|Any CPU.Build.0 = DEBUG FOR WEBVERSION|Any CPU
		{E1CDBDDF-7FF8-4D57-879C-E1BF0BF98287}.DEBUG FOR WEBVERSION|x64.ActiveCfg = DEBUG FOR WEBVERSION|Any CPU
		{E1CDBDDF-7FF8-4D57-879C-E1BF0BF98287}.DEBUG FOR WEBVERSION|x64.Build.0 = DEBUG FOR WEBVERSION|Any CPU
		{E1CDBDDF-7FF8-4D57-879C-E1BF0BF98287}.DEBUG FOR WEBVERSION|x86.ActiveCfg = DEBUG FOR WEBVERSION|x86
		{E1CDBDDF-7FF8-4D57-879C-E1BF0BF98287}.DEBUG FOR WEBVERSION|x86.Build.0 = DEBUG FOR WEBVERSION|x86
		{E1CDBDDF-7FF8-4D57-879C-E1BF0BF98287}.debug with qtp|Any CPU.ActiveCfg = debug with qtp|Any CPU
		{E1CDBDDF-7FF8-4D57-879C-E1BF0BF98287}.debug with qtp|Any CPU.Build.0 = debug with qtp|Any CPU
		{E1CDBDDF-7FF8-4D57-879C-E1BF0BF98287}.debug with qtp|x64.ActiveCfg = debug with qtp|Any CPU
		{E1CDBDDF-7FF8-4D57-879C-E1BF0BF98287}.debug with qtp|x64.Build.0 = debug with qtp|Any CPU
		{E1CDBDDF-7FF8-4D57-879C-E1BF0BF98287}.debug with qtp|x86.ActiveCfg = debug with qtp|Any CPU
		{E1CDBDDF-7FF8-4D57-879C-E1BF0BF98287}.debug with qtp|x86.Build.0 = debug with qtp|Any CPU
		{E1CDBDDF-7FF8-4D57-879C-E1BF0BF98287}.debug x86|Any CPU.ActiveCfg = debug x86|Any CPU
		{E1CDBDDF-7FF8-4D57-879C-E1BF0BF98287}.debug x86|Any CPU.Build.0 = debug x86|Any CPU
		{E1CDBDDF-7FF8-4D57-879C-E1BF0BF98287}.debug x86|x64.ActiveCfg = debug x86|Any CPU
		{E1CDBDDF-7FF8-4D57-879C-E1BF0BF98287}.debug x86|x64.Build.0 = debug x86|Any CPU
		{E1CDBDDF-7FF8-4D57-879C-E1BF0BF98287}.debug x86|x86.ActiveCfg = debug x86|x86
		{E1CDBDDF-7FF8-4D57-879C-E1BF0BF98287}.debug x86|x86.Build.0 = debug x86|x86
		{E1CDBDDF-7FF8-4D57-879C-E1BF0BF98287}.Debug|Any CPU.ActiveCfg = Debug|Any CPU
		{E1CDBDDF-7FF8-4D57-879C-E1BF0BF98287}.Debug|Any CPU.Build.0 = Debug|Any CPU
		{E1CDBDDF-7FF8-4D57-879C-E1BF0BF98287}.Debug|x64.ActiveCfg = Debug|Any CPU
		{E1CDBDDF-7FF8-4D57-879C-E1BF0BF98287}.Debug|x64.Build.0 = Debug|Any CPU
		{E1CDBDDF-7FF8-4D57-879C-E1BF0BF98287}.Debug|x86.ActiveCfg = Debug|Any CPU
		{E1CDBDDF-7FF8-4D57-879C-E1BF0BF98287}.Debug|x86.Build.0 = Debug|Any CPU
		{E1CDBDDF-7FF8-4D57-879C-E1BF0BF98287}.DebugQT|Any CPU.ActiveCfg = DebugQT|Any CPU
		{E1CDBDDF-7FF8-4D57-879C-E1BF0BF98287}.DebugQT|Any CPU.Build.0 = DebugQT|Any CPU
		{E1CDBDDF-7FF8-4D57-879C-E1BF0BF98287}.DebugQT|x64.ActiveCfg = DebugQT|Any CPU
		{E1CDBDDF-7FF8-4D57-879C-E1BF0BF98287}.DebugQT|x64.Build.0 = DebugQT|Any CPU
		{E1CDBDDF-7FF8-4D57-879C-E1BF0BF98287}.DebugQT|x86.ActiveCfg = DebugQT|Any CPU
		{E1CDBDDF-7FF8-4D57-879C-E1BF0BF98287}.DebugQT|x86.Build.0 = DebugQT|Any CPU
		{E1CDBDDF-7FF8-4D57-879C-E1BF0BF98287}.Release For WEB|Any CPU.ActiveCfg = Release For WEB|Any CPU
		{E1CDBDDF-7FF8-4D57-879C-E1BF0BF98287}.Release For WEB|Any CPU.Build.0 = Release For WEB|Any CPU
		{E1CDBDDF-7FF8-4D57-879C-E1BF0BF98287}.Release For WEB|x64.ActiveCfg = Release For WEB|Any CPU
		{E1CDBDDF-7FF8-4D57-879C-E1BF0BF98287}.Release For WEB|x64.Build.0 = Release For WEB|Any CPU
		{E1CDBDDF-7FF8-4D57-879C-E1BF0BF98287}.Release For WEB|x86.ActiveCfg = Release For WEB|x86
		{E1CDBDDF-7FF8-4D57-879C-E1BF0BF98287}.Release For WEB|x86.Build.0 = Release For WEB|x86
		{E1CDBDDF-7FF8-4D57-879C-E1BF0BF98287}.Release For Webversion|Any CPU.ActiveCfg = Release For Webversion|Any CPU
		{E1CDBDDF-7FF8-4D57-879C-E1BF0BF98287}.Release For Webversion|Any CPU.Build.0 = Release For Webversion|Any CPU
		{E1CDBDDF-7FF8-4D57-879C-E1BF0BF98287}.Release For Webversion|x64.ActiveCfg = Release For Webversion|Any CPU
		{E1CDBDDF-7FF8-4D57-879C-E1BF0BF98287}.Release For Webversion|x64.Build.0 = Release For Webversion|Any CPU
		{E1CDBDDF-7FF8-4D57-879C-E1BF0BF98287}.Release For Webversion|x86.ActiveCfg = Release For Webversion|x86
		{E1CDBDDF-7FF8-4D57-879C-E1BF0BF98287}.Release For Webversion|x86.Build.0 = Release For Webversion|x86
		{E1CDBDDF-7FF8-4D57-879C-E1BF0BF98287}.release with qtp|Any CPU.ActiveCfg = release with qtp|Any CPU
		{E1CDBDDF-7FF8-4D57-879C-E1BF0BF98287}.release with qtp|Any CPU.Build.0 = release with qtp|Any CPU
		{E1CDBDDF-7FF8-4D57-879C-E1BF0BF98287}.release with qtp|x64.ActiveCfg = release with qtp|Any CPU
		{E1CDBDDF-7FF8-4D57-879C-E1BF0BF98287}.release with qtp|x64.Build.0 = release with qtp|Any CPU
		{E1CDBDDF-7FF8-4D57-879C-E1BF0BF98287}.release with qtp|x86.ActiveCfg = release with qtp|Any CPU
		{E1CDBDDF-7FF8-4D57-879C-E1BF0BF98287}.release with qtp|x86.Build.0 = release with qtp|Any CPU
		{E1CDBDDF-7FF8-4D57-879C-E1BF0BF98287}.Release|Any CPU.ActiveCfg = Release|Any CPU
		{E1CDBDDF-7FF8-4D57-879C-E1BF0BF98287}.Release|Any CPU.Build.0 = Release|Any CPU
		{E1CDBDDF-7FF8-4D57-879C-E1BF0BF98287}.Release|x64.ActiveCfg = Release|Any CPU
		{E1CDBDDF-7FF8-4D57-879C-E1BF0BF98287}.Release|x64.Build.0 = Release|Any CPU
		{E1CDBDDF-7FF8-4D57-879C-E1BF0BF98287}.Release|x86.ActiveCfg = Release|x86
		{E1CDBDDF-7FF8-4D57-879C-E1BF0BF98287}.Release|x86.Build.0 = Release|x86
		{E1CDBDDF-7FF8-4D57-879C-E1BF0BF98287}.ReleaseQT|Any CPU.ActiveCfg = ReleaseQT|Any CPU
		{E1CDBDDF-7FF8-4D57-879C-E1BF0BF98287}.ReleaseQT|Any CPU.Build.0 = ReleaseQT|Any CPU
		{E1CDBDDF-7FF8-4D57-879C-E1BF0BF98287}.ReleaseQT|x64.ActiveCfg = ReleaseQT|Any CPU
		{E1CDBDDF-7FF8-4D57-879C-E1BF0BF98287}.ReleaseQT|x64.Build.0 = ReleaseQT|Any CPU
		{E1CDBDDF-7FF8-4D57-879C-E1BF0BF98287}.ReleaseQT|x86.ActiveCfg = ReleaseQT|x86
		{E1CDBDDF-7FF8-4D57-879C-E1BF0BF98287}.ReleaseQT|x86.Build.0 = ReleaseQT|x86
		{D923E1BE-48C8-47DA-8A7D-C3B518E6C4B6}.DEBUG FOR WEBVERSION|Any CPU.ActiveCfg = DEBUG FOR WEBVERSION|Any CPU
		{D923E1BE-48C8-47DA-8A7D-C3B518E6C4B6}.DEBUG FOR WEBVERSION|Any CPU.Build.0 = DEBUG FOR WEBVERSION|Any CPU
		{D923E1BE-48C8-47DA-8A7D-C3B518E6C4B6}.DEBUG FOR WEBVERSION|x64.ActiveCfg = DEBUG FOR WEBVERSION|Any CPU
		{D923E1BE-48C8-47DA-8A7D-C3B518E6C4B6}.DEBUG FOR WEBVERSION|x64.Build.0 = DEBUG FOR WEBVERSION|Any CPU
		{D923E1BE-48C8-47DA-8A7D-C3B518E6C4B6}.DEBUG FOR WEBVERSION|x86.ActiveCfg = DEBUG FOR WEBVERSION|x86
		{D923E1BE-48C8-47DA-8A7D-C3B518E6C4B6}.DEBUG FOR WEBVERSION|x86.Build.0 = DEBUG FOR WEBVERSION|x86
		{D923E1BE-48C8-47DA-8A7D-C3B518E6C4B6}.debug with qtp|Any CPU.ActiveCfg = debug with qtp|Any CPU
		{D923E1BE-48C8-47DA-8A7D-C3B518E6C4B6}.debug with qtp|Any CPU.Build.0 = debug with qtp|Any CPU
		{D923E1BE-48C8-47DA-8A7D-C3B518E6C4B6}.debug with qtp|x64.ActiveCfg = debug with qtp|Any CPU
		{D923E1BE-48C8-47DA-8A7D-C3B518E6C4B6}.debug with qtp|x64.Build.0 = debug with qtp|Any CPU
		{D923E1BE-48C8-47DA-8A7D-C3B518E6C4B6}.debug with qtp|x86.ActiveCfg = debug with qtp|Any CPU
		{D923E1BE-48C8-47DA-8A7D-C3B518E6C4B6}.debug with qtp|x86.Build.0 = debug with qtp|Any CPU
		{D923E1BE-48C8-47DA-8A7D-C3B518E6C4B6}.debug x86|Any CPU.ActiveCfg = DEBUG FOR WEBVERSION|Any CPU
		{D923E1BE-48C8-47DA-8A7D-C3B518E6C4B6}.debug x86|Any CPU.Build.0 = DEBUG FOR WEBVERSION|Any CPU
		{D923E1BE-48C8-47DA-8A7D-C3B518E6C4B6}.debug x86|x64.ActiveCfg = DEBUG FOR WEBVERSION|Any CPU
		{D923E1BE-48C8-47DA-8A7D-C3B518E6C4B6}.debug x86|x64.Build.0 = DEBUG FOR WEBVERSION|Any CPU
		{D923E1BE-48C8-47DA-8A7D-C3B518E6C4B6}.debug x86|x86.ActiveCfg = DEBUG FOR WEBVERSION|x86
		{D923E1BE-48C8-47DA-8A7D-C3B518E6C4B6}.debug x86|x86.Build.0 = DEBUG FOR WEBVERSION|x86
		{D923E1BE-48C8-47DA-8A7D-C3B518E6C4B6}.Debug|Any CPU.ActiveCfg = Debug|Any CPU
		{D923E1BE-48C8-47DA-8A7D-C3B518E6C4B6}.Debug|Any CPU.Build.0 = Debug|Any CPU
		{D923E1BE-48C8-47DA-8A7D-C3B518E6C4B6}.Debug|x64.ActiveCfg = Debug|Any CPU
		{D923E1BE-48C8-47DA-8A7D-C3B518E6C4B6}.Debug|x64.Build.0 = Debug|Any CPU
		{D923E1BE-48C8-47DA-8A7D-C3B518E6C4B6}.Debug|x86.ActiveCfg = Debug|x86
		{D923E1BE-48C8-47DA-8A7D-C3B518E6C4B6}.Debug|x86.Build.0 = Debug|x86
		{D923E1BE-48C8-47DA-8A7D-C3B518E6C4B6}.DebugQT|Any CPU.ActiveCfg = DebugQT|Any CPU
		{D923E1BE-48C8-47DA-8A7D-C3B518E6C4B6}.DebugQT|Any CPU.Build.0 = DebugQT|Any CPU
		{D923E1BE-48C8-47DA-8A7D-C3B518E6C4B6}.DebugQT|x64.ActiveCfg = DebugQT|Any CPU
		{D923E1BE-48C8-47DA-8A7D-C3B518E6C4B6}.DebugQT|x64.Build.0 = DebugQT|Any CPU
		{D923E1BE-48C8-47DA-8A7D-C3B518E6C4B6}.DebugQT|x86.ActiveCfg = DebugQT|Any CPU
		{D923E1BE-48C8-47DA-8A7D-C3B518E6C4B6}.DebugQT|x86.Build.0 = DebugQT|Any CPU
		{D923E1BE-48C8-47DA-8A7D-C3B518E6C4B6}.Release For WEB|Any CPU.ActiveCfg = Release For Webversion|Any CPU
		{D923E1BE-48C8-47DA-8A7D-C3B518E6C4B6}.Release For WEB|Any CPU.Build.0 = Release For Webversion|Any CPU
		{D923E1BE-48C8-47DA-8A7D-C3B518E6C4B6}.Release For WEB|x64.ActiveCfg = Release For Webversion|Any CPU
		{D923E1BE-48C8-47DA-8A7D-C3B518E6C4B6}.Release For WEB|x64.Build.0 = Release For Webversion|Any CPU
		{D923E1BE-48C8-47DA-8A7D-C3B518E6C4B6}.Release For WEB|x86.ActiveCfg = Release For Webversion|x86
		{D923E1BE-48C8-47DA-8A7D-C3B518E6C4B6}.Release For WEB|x86.Build.0 = Release For Webversion|x86
		{D923E1BE-48C8-47DA-8A7D-C3B518E6C4B6}.Release For Webversion|Any CPU.ActiveCfg = Release For Webversion|Any CPU
		{D923E1BE-48C8-47DA-8A7D-C3B518E6C4B6}.Release For Webversion|Any CPU.Build.0 = Release For Webversion|Any CPU
		{D923E1BE-48C8-47DA-8A7D-C3B518E6C4B6}.Release For Webversion|x64.ActiveCfg = Release For Webversion|Any CPU
		{D923E1BE-48C8-47DA-8A7D-C3B518E6C4B6}.Release For Webversion|x64.Build.0 = Release For Webversion|Any CPU
		{D923E1BE-48C8-47DA-8A7D-C3B518E6C4B6}.Release For Webversion|x86.ActiveCfg = Release For Webversion|x86
		{D923E1BE-48C8-47DA-8A7D-C3B518E6C4B6}.Release For Webversion|x86.Build.0 = Release For Webversion|x86
		{D923E1BE-48C8-47DA-8A7D-C3B518E6C4B6}.release with qtp|Any CPU.ActiveCfg = release with qtp|Any CPU
		{D923E1BE-48C8-47DA-8A7D-C3B518E6C4B6}.release with qtp|Any CPU.Build.0 = release with qtp|Any CPU
		{D923E1BE-48C8-47DA-8A7D-C3B518E6C4B6}.release with qtp|x64.ActiveCfg = release with qtp|Any CPU
		{D923E1BE-48C8-47DA-8A7D-C3B518E6C4B6}.release with qtp|x64.Build.0 = release with qtp|Any CPU
		{D923E1BE-48C8-47DA-8A7D-C3B518E6C4B6}.release with qtp|x86.ActiveCfg = release with qtp|Any CPU
		{D923E1BE-48C8-47DA-8A7D-C3B518E6C4B6}.release with qtp|x86.Build.0 = release with qtp|Any CPU
		{D923E1BE-48C8-47DA-8A7D-C3B518E6C4B6}.Release|Any CPU.ActiveCfg = Release|Any CPU
		{D923E1BE-48C8-47DA-8A7D-C3B518E6C4B6}.Release|Any CPU.Build.0 = Release|Any CPU
		{D923E1BE-48C8-47DA-8A7D-C3B518E6C4B6}.Release|x64.ActiveCfg = Release|Any CPU
		{D923E1BE-48C8-47DA-8A7D-C3B518E6C4B6}.Release|x64.Build.0 = Release|Any CPU
		{D923E1BE-48C8-47DA-8A7D-C3B518E6C4B6}.Release|x86.ActiveCfg = Release|x86
		{D923E1BE-48C8-47DA-8A7D-C3B518E6C4B6}.Release|x86.Build.0 = Release|x86
		{D923E1BE-48C8-47DA-8A7D-C3B518E6C4B6}.ReleaseQT|Any CPU.ActiveCfg = Release For Webversion|Any CPU
		{D923E1BE-48C8-47DA-8A7D-C3B518E6C4B6}.ReleaseQT|Any CPU.Build.0 = Release For Webversion|Any CPU
		{D923E1BE-48C8-47DA-8A7D-C3B518E6C4B6}.ReleaseQT|x64.ActiveCfg = Release For Webversion|Any CPU
		{D923E1BE-48C8-47DA-8A7D-C3B518E6C4B6}.ReleaseQT|x64.Build.0 = Release For Webversion|Any CPU
		{D923E1BE-48C8-47DA-8A7D-C3B518E6C4B6}.ReleaseQT|x86.ActiveCfg = Release For Webversion|x86
		{D923E1BE-48C8-47DA-8A7D-C3B518E6C4B6}.ReleaseQT|x86.Build.0 = Release For Webversion|x86
		{437A1246-C363-4242-8C2A-279D1DB896D8}.DEBUG FOR WEBVERSION|Any CPU.ActiveCfg = DEBUG FOR WEBVERSION|Win32
		{437A1246-C363-4242-8C2A-279D1DB896D8}.DEBUG FOR WEBVERSION|x64.ActiveCfg = DEBUG FOR WEBVERSION|x64
		{437A1246-C363-4242-8C2A-279D1DB896D8}.DEBUG FOR WEBVERSION|x64.Build.0 = DEBUG FOR WEBVERSION|x64
		{437A1246-C363-4242-8C2A-279D1DB896D8}.DEBUG FOR WEBVERSION|x86.ActiveCfg = DEBUG FOR WEBVERSION|Win32
		{437A1246-C363-4242-8C2A-279D1DB896D8}.DEBUG FOR WEBVERSION|x86.Build.0 = DEBUG FOR WEBVERSION|Win32
		{437A1246-C363-4242-8C2A-279D1DB896D8}.debug with qtp|Any CPU.ActiveCfg = debug with qtp|Win32
		{437A1246-C363-4242-8C2A-279D1DB896D8}.debug with qtp|x64.ActiveCfg = debug with qtp|x64
		{437A1246-C363-4242-8C2A-279D1DB896D8}.debug with qtp|x64.Build.0 = debug with qtp|x64
		{437A1246-C363-4242-8C2A-279D1DB896D8}.debug with qtp|x86.ActiveCfg = debug with qtp|Win32
		{437A1246-C363-4242-8C2A-279D1DB896D8}.debug with qtp|x86.Build.0 = debug with qtp|Win32
		{437A1246-C363-4242-8C2A-279D1DB896D8}.debug x86|Any CPU.ActiveCfg = DEBUG FOR WEBVERSION|Win32
		{437A1246-C363-4242-8C2A-279D1DB896D8}.debug x86|Any CPU.Build.0 = DEBUG FOR WEBVERSION|Win32
		{437A1246-C363-4242-8C2A-279D1DB896D8}.debug x86|x64.ActiveCfg = DEBUG FOR WEBVERSION|x64
		{437A1246-C363-4242-8C2A-279D1DB896D8}.debug x86|x64.Build.0 = DEBUG FOR WEBVERSION|x64
		{437A1246-C363-4242-8C2A-279D1DB896D8}.debug x86|x86.ActiveCfg = DEBUG FOR WEBVERSION|Win32
		{437A1246-C363-4242-8C2A-279D1DB896D8}.debug x86|x86.Build.0 = DEBUG FOR WEBVERSION|Win32
		{437A1246-C363-4242-8C2A-279D1DB896D8}.Debug|Any CPU.ActiveCfg = Debug|Win32
		{437A1246-C363-4242-8C2A-279D1DB896D8}.Debug|x64.ActiveCfg = Debug|x64
		{437A1246-C363-4242-8C2A-279D1DB896D8}.Debug|x64.Build.0 = Debug|x64
		{437A1246-C363-4242-8C2A-279D1DB896D8}.Debug|x86.ActiveCfg = Debug|Win32
		{437A1246-C363-4242-8C2A-279D1DB896D8}.Debug|x86.Build.0 = Debug|Win32
		{437A1246-C363-4242-8C2A-279D1DB896D8}.Debug|x86.Deploy.0 = Debug|Win32
		{437A1246-C363-4242-8C2A-279D1DB896D8}.DebugQT|Any CPU.ActiveCfg = DebugQT|Win32
		{437A1246-C363-4242-8C2A-279D1DB896D8}.DebugQT|x64.ActiveCfg = DebugQT|x64
		{437A1246-C363-4242-8C2A-279D1DB896D8}.DebugQT|x64.Build.0 = DebugQT|x64
		{437A1246-C363-4242-8C2A-279D1DB896D8}.DebugQT|x86.ActiveCfg = DebugQT|Win32
		{437A1246-C363-4242-8C2A-279D1DB896D8}.DebugQT|x86.Build.0 = DebugQT|Win32
		{437A1246-C363-4242-8C2A-279D1DB896D8}.Release For WEB|Any CPU.ActiveCfg = DEBUG FOR WEBVERSION|Win32
		{437A1246-C363-4242-8C2A-279D1DB896D8}.Release For WEB|Any CPU.Build.0 = DEBUG FOR WEBVERSION|Win32
		{437A1246-C363-4242-8C2A-279D1DB896D8}.Release For WEB|x64.ActiveCfg = Release For Webversion|x64
		{437A1246-C363-4242-8C2A-279D1DB896D8}.Release For WEB|x64.Build.0 = Release For Webversion|x64
		{437A1246-C363-4242-8C2A-279D1DB896D8}.Release For WEB|x86.ActiveCfg = Release For Webversion|Win32
		{437A1246-C363-4242-8C2A-279D1DB896D8}.Release For WEB|x86.Build.0 = Release For Webversion|Win32
		{437A1246-C363-4242-8C2A-279D1DB896D8}.Release For Webversion|Any CPU.ActiveCfg = Release For Webversion|Win32
		{437A1246-C363-4242-8C2A-279D1DB896D8}.Release For Webversion|x64.ActiveCfg = Release For Webversion|x64
		{437A1246-C363-4242-8C2A-279D1DB896D8}.Release For Webversion|x64.Build.0 = Release For Webversion|x64
		{437A1246-C363-4242-8C2A-279D1DB896D8}.Release For Webversion|x86.ActiveCfg = Release For Webversion|Win32
		{437A1246-C363-4242-8C2A-279D1DB896D8}.Release For Webversion|x86.Build.0 = Release For Webversion|Win32
		{437A1246-C363-4242-8C2A-279D1DB896D8}.release with qtp|Any CPU.ActiveCfg = release with qtp|Win32
		{437A1246-C363-4242-8C2A-279D1DB896D8}.release with qtp|x64.ActiveCfg = release with qtp|x64
		{437A1246-C363-4242-8C2A-279D1DB896D8}.release with qtp|x64.Build.0 = release with qtp|x64
		{437A1246-C363-4242-8C2A-279D1DB896D8}.release with qtp|x86.ActiveCfg = release with qtp|Win32
		{437A1246-C363-4242-8C2A-279D1DB896D8}.release with qtp|x86.Build.0 = release with qtp|Win32
		{437A1246-C363-4242-8C2A-279D1DB896D8}.Release|Any CPU.ActiveCfg = Release|Win32
		{437A1246-C363-4242-8C2A-279D1DB896D8}.Release|x64.ActiveCfg = Release|x64
		{437A1246-C363-4242-8C2A-279D1DB896D8}.Release|x64.Build.0 = Release|x64
		{437A1246-C363-4242-8C2A-279D1DB896D8}.Release|x86.ActiveCfg = Release|Win32
		{437A1246-C363-4242-8C2A-279D1DB896D8}.Release|x86.Build.0 = Release|Win32
		{437A1246-C363-4242-8C2A-279D1DB896D8}.ReleaseQT|Any CPU.ActiveCfg = DEBUG FOR WEBVERSION|Win32
		{437A1246-C363-4242-8C2A-279D1DB896D8}.ReleaseQT|Any CPU.Build.0 = DEBUG FOR WEBVERSION|Win32
		{437A1246-C363-4242-8C2A-279D1DB896D8}.ReleaseQT|x64.ActiveCfg = Release For Webversion|x64
		{437A1246-C363-4242-8C2A-279D1DB896D8}.ReleaseQT|x64.Build.0 = Release For Webversion|x64
		{437A1246-C363-4242-8C2A-279D1DB896D8}.ReleaseQT|x86.ActiveCfg = Release For Webversion|Win32
		{437A1246-C363-4242-8C2A-279D1DB896D8}.ReleaseQT|x86.Build.0 = Release For Webversion|Win32
		{05201161-BADA-4EA2-BC9B-4CCB8EB6EE1E}.DEBUG FOR WEBVERSION|Any CPU.ActiveCfg = DEBUG FOR WEBVERSION|Any CPU
		{05201161-BADA-4EA2-BC9B-4CCB8EB6EE1E}.DEBUG FOR WEBVERSION|Any CPU.Build.0 = DEBUG FOR WEBVERSION|Any CPU
		{05201161-BADA-4EA2-BC9B-4CCB8EB6EE1E}.DEBUG FOR WEBVERSION|x64.ActiveCfg = DEBUG FOR WEBVERSION|x64
		{05201161-BADA-4EA2-BC9B-4CCB8EB6EE1E}.DEBUG FOR WEBVERSION|x64.Build.0 = DEBUG FOR WEBVERSION|x64
		{05201161-BADA-4EA2-BC9B-4CCB8EB6EE1E}.DEBUG FOR WEBVERSION|x86.ActiveCfg = DEBUG FOR WEBVERSION|x86
		{05201161-BADA-4EA2-BC9B-4CCB8EB6EE1E}.DEBUG FOR WEBVERSION|x86.Build.0 = DEBUG FOR WEBVERSION|x86
		{05201161-BADA-4EA2-BC9B-4CCB8EB6EE1E}.debug with qtp|Any CPU.ActiveCfg = debug with qtp|Any CPU
		{05201161-BADA-4EA2-BC9B-4CCB8EB6EE1E}.debug with qtp|Any CPU.Build.0 = debug with qtp|Any CPU
		{05201161-BADA-4EA2-BC9B-4CCB8EB6EE1E}.debug with qtp|x64.ActiveCfg = debug with qtp|x64
		{05201161-BADA-4EA2-BC9B-4CCB8EB6EE1E}.debug with qtp|x64.Build.0 = debug with qtp|x64
		{05201161-BADA-4EA2-BC9B-4CCB8EB6EE1E}.debug with qtp|x86.ActiveCfg = debug with qtp|x86
		{05201161-BADA-4EA2-BC9B-4CCB8EB6EE1E}.debug with qtp|x86.Build.0 = debug with qtp|x86
		{05201161-BADA-4EA2-BC9B-4CCB8EB6EE1E}.debug x86|Any CPU.ActiveCfg = DEBUG FOR WEBVERSION|Any CPU
		{05201161-BADA-4EA2-BC9B-4CCB8EB6EE1E}.debug x86|Any CPU.Build.0 = DEBUG FOR WEBVERSION|Any CPU
		{05201161-BADA-4EA2-BC9B-4CCB8EB6EE1E}.debug x86|x64.ActiveCfg = DEBUG FOR WEBVERSION|x64
		{05201161-BADA-4EA2-BC9B-4CCB8EB6EE1E}.debug x86|x64.Build.0 = DEBUG FOR WEBVERSION|x64
		{05201161-BADA-4EA2-BC9B-4CCB8EB6EE1E}.debug x86|x86.ActiveCfg = DEBUG FOR WEBVERSION|x86
		{05201161-BADA-4EA2-BC9B-4CCB8EB6EE1E}.debug x86|x86.Build.0 = DEBUG FOR WEBVERSION|x86
		{05201161-BADA-4EA2-BC9B-4CCB8EB6EE1E}.Debug|Any CPU.ActiveCfg = Debug|Any CPU
		{05201161-BADA-4EA2-BC9B-4CCB8EB6EE1E}.Debug|Any CPU.Build.0 = Debug|Any CPU
		{05201161-BADA-4EA2-BC9B-4CCB8EB6EE1E}.Debug|x64.ActiveCfg = Debug|x64
		{05201161-BADA-4EA2-BC9B-4CCB8EB6EE1E}.Debug|x64.Build.0 = Debug|x64
		{05201161-BADA-4EA2-BC9B-4CCB8EB6EE1E}.Debug|x86.ActiveCfg = Debug|x86
		{05201161-BADA-4EA2-BC9B-4CCB8EB6EE1E}.Debug|x86.Build.0 = Debug|x86
		{05201161-BADA-4EA2-BC9B-4CCB8EB6EE1E}.DebugQT|Any CPU.ActiveCfg = DebugQT|Any CPU
		{05201161-BADA-4EA2-BC9B-4CCB8EB6EE1E}.DebugQT|Any CPU.Build.0 = DebugQT|Any CPU
		{05201161-BADA-4EA2-BC9B-4CCB8EB6EE1E}.DebugQT|x64.ActiveCfg = DebugQT|x64
		{05201161-BADA-4EA2-BC9B-4CCB8EB6EE1E}.DebugQT|x64.Build.0 = DebugQT|x64
		{05201161-BADA-4EA2-BC9B-4CCB8EB6EE1E}.DebugQT|x86.ActiveCfg = DebugQT|x86
		{05201161-BADA-4EA2-BC9B-4CCB8EB6EE1E}.DebugQT|x86.Build.0 = DebugQT|x86
		{05201161-BADA-4EA2-BC9B-4CCB8EB6EE1E}.Release For WEB|Any CPU.ActiveCfg = Release For Webversion|Any CPU
		{05201161-BADA-4EA2-BC9B-4CCB8EB6EE1E}.Release For WEB|Any CPU.Build.0 = Release For Webversion|Any CPU
		{05201161-BADA-4EA2-BC9B-4CCB8EB6EE1E}.Release For WEB|x64.ActiveCfg = Release For Webversion|x64
		{05201161-BADA-4EA2-BC9B-4CCB8EB6EE1E}.Release For WEB|x64.Build.0 = Release For Webversion|x64
		{05201161-BADA-4EA2-BC9B-4CCB8EB6EE1E}.Release For WEB|x86.ActiveCfg = Release For Webversion|x86
		{05201161-BADA-4EA2-BC9B-4CCB8EB6EE1E}.Release For WEB|x86.Build.0 = Release For Webversion|x86
		{05201161-BADA-4EA2-BC9B-4CCB8EB6EE1E}.Release For Webversion|Any CPU.ActiveCfg = Release For Webversion|Any CPU
		{05201161-BADA-4EA2-BC9B-4CCB8EB6EE1E}.Release For Webversion|Any CPU.Build.0 = Release For Webversion|Any CPU
		{05201161-BADA-4EA2-BC9B-4CCB8EB6EE1E}.Release For Webversion|x64.ActiveCfg = Release For Webversion|x64
		{05201161-BADA-4EA2-BC9B-4CCB8EB6EE1E}.Release For Webversion|x64.Build.0 = Release For Webversion|x64
		{05201161-BADA-4EA2-BC9B-4CCB8EB6EE1E}.Release For Webversion|x86.ActiveCfg = Release For Webversion|x86
		{05201161-BADA-4EA2-BC9B-4CCB8EB6EE1E}.Release For Webversion|x86.Build.0 = Release For Webversion|x86
		{05201161-BADA-4EA2-BC9B-4CCB8EB6EE1E}.release with qtp|Any CPU.ActiveCfg = release with qtp|Any CPU
		{05201161-BADA-4EA2-BC9B-4CCB8EB6EE1E}.release with qtp|Any CPU.Build.0 = release with qtp|Any CPU
		{05201161-BADA-4EA2-BC9B-4CCB8EB6EE1E}.release with qtp|x64.ActiveCfg = release with qtp|x64
		{05201161-BADA-4EA2-BC9B-4CCB8EB6EE1E}.release with qtp|x64.Build.0 = release with qtp|x64
		{05201161-BADA-4EA2-BC9B-4CCB8EB6EE1E}.release with qtp|x86.ActiveCfg = release with qtp|x86
		{05201161-BADA-4EA2-BC9B-4CCB8EB6EE1E}.release with qtp|x86.Build.0 = release with qtp|x86
		{05201161-BADA-4EA2-BC9B-4CCB8EB6EE1E}.Release|Any CPU.ActiveCfg = Release|Any CPU
		{05201161-BADA-4EA2-BC9B-4CCB8EB6EE1E}.Release|Any CPU.Build.0 = Release|Any CPU
		{05201161-BADA-4EA2-BC9B-4CCB8EB6EE1E}.Release|x64.ActiveCfg = Release|x64
		{05201161-BADA-4EA2-BC9B-4CCB8EB6EE1E}.Release|x64.Build.0 = Release|x64
		{05201161-BADA-4EA2-BC9B-4CCB8EB6EE1E}.Release|x86.ActiveCfg = Release|x86
		{05201161-BADA-4EA2-BC9B-4CCB8EB6EE1E}.Release|x86.Build.0 = Release|x86
		{05201161-BADA-4EA2-BC9B-4CCB8EB6EE1E}.ReleaseQT|Any CPU.ActiveCfg = Release For Webversion|Any CPU
		{05201161-BADA-4EA2-BC9B-4CCB8EB6EE1E}.ReleaseQT|Any CPU.Build.0 = Release For Webversion|Any CPU
		{05201161-BADA-4EA2-BC9B-4CCB8EB6EE1E}.ReleaseQT|x64.ActiveCfg = Release For Webversion|x64
		{05201161-BADA-4EA2-BC9B-4CCB8EB6EE1E}.ReleaseQT|x64.Build.0 = Release For Webversion|x64
		{05201161-BADA-4EA2-BC9B-4CCB8EB6EE1E}.ReleaseQT|x86.ActiveCfg = Release For Webversion|x86
		{05201161-BADA-4EA2-BC9B-4CCB8EB6EE1E}.ReleaseQT|x86.Build.0 = Release For Webversion|x86
		{F19EDDA6-3624-4BA6-A91E-DBCB2DA7FE38}.DEBUG FOR WEBVERSION|Any CPU.ActiveCfg = DEBUG FOR WEBVERSION|Any CPU
		{F19EDDA6-3624-4BA6-A91E-DBCB2DA7FE38}.DEBUG FOR WEBVERSION|Any CPU.Build.0 = DEBUG FOR WEBVERSION|Any CPU
		{F19EDDA6-3624-4BA6-A91E-DBCB2DA7FE38}.DEBUG FOR WEBVERSION|x64.ActiveCfg = DEBUG FOR WEBVERSION|Any CPU
		{F19EDDA6-3624-4BA6-A91E-DBCB2DA7FE38}.DEBUG FOR WEBVERSION|x64.Build.0 = DEBUG FOR WEBVERSION|Any CPU
		{F19EDDA6-3624-4BA6-A91E-DBCB2DA7FE38}.DEBUG FOR WEBVERSION|x86.ActiveCfg = DEBUG FOR WEBVERSION|x86
		{F19EDDA6-3624-4BA6-A91E-DBCB2DA7FE38}.DEBUG FOR WEBVERSION|x86.Build.0 = DEBUG FOR WEBVERSION|x86
		{F19EDDA6-3624-4BA6-A91E-DBCB2DA7FE38}.debug with qtp|Any CPU.ActiveCfg = debug with qtp|Any CPU
		{F19EDDA6-3624-4BA6-A91E-DBCB2DA7FE38}.debug with qtp|Any CPU.Build.0 = debug with qtp|Any CPU
		{F19EDDA6-3624-4BA6-A91E-DBCB2DA7FE38}.debug with qtp|x64.ActiveCfg = debug with qtp|Any CPU
		{F19EDDA6-3624-4BA6-A91E-DBCB2DA7FE38}.debug with qtp|x64.Build.0 = debug with qtp|Any CPU
		{F19EDDA6-3624-4BA6-A91E-DBCB2DA7FE38}.debug with qtp|x86.ActiveCfg = debug with qtp|Any CPU
		{F19EDDA6-3624-4BA6-A91E-DBCB2DA7FE38}.debug with qtp|x86.Build.0 = debug with qtp|Any CPU
		{F19EDDA6-3624-4BA6-A91E-DBCB2DA7FE38}.debug x86|Any CPU.ActiveCfg = debug x86|Any CPU
		{F19EDDA6-3624-4BA6-A91E-DBCB2DA7FE38}.debug x86|Any CPU.Build.0 = debug x86|Any CPU
		{F19EDDA6-3624-4BA6-A91E-DBCB2DA7FE38}.debug x86|x64.ActiveCfg = debug x86|Any CPU
		{F19EDDA6-3624-4BA6-A91E-DBCB2DA7FE38}.debug x86|x64.Build.0 = debug x86|Any CPU
		{F19EDDA6-3624-4BA6-A91E-DBCB2DA7FE38}.debug x86|x86.ActiveCfg = debug x86|x86
		{F19EDDA6-3624-4BA6-A91E-DBCB2DA7FE38}.debug x86|x86.Build.0 = debug x86|x86
		{F19EDDA6-3624-4BA6-A91E-DBCB2DA7FE38}.Debug|Any CPU.ActiveCfg = Debug|Any CPU
		{F19EDDA6-3624-4BA6-A91E-DBCB2DA7FE38}.Debug|Any CPU.Build.0 = Debug|Any CPU
		{F19EDDA6-3624-4BA6-A91E-DBCB2DA7FE38}.Debug|x64.ActiveCfg = Debug|Any CPU
		{F19EDDA6-3624-4BA6-A91E-DBCB2DA7FE38}.Debug|x64.Build.0 = Debug|Any CPU
		{F19EDDA6-3624-4BA6-A91E-DBCB2DA7FE38}.Debug|x86.ActiveCfg = Debug|Any CPU
		{F19EDDA6-3624-4BA6-A91E-DBCB2DA7FE38}.Debug|x86.Build.0 = Debug|Any CPU
		{F19EDDA6-3624-4BA6-A91E-DBCB2DA7FE38}.DebugQT|Any CPU.ActiveCfg = DebugQT|Any CPU
		{F19EDDA6-3624-4BA6-A91E-DBCB2DA7FE38}.DebugQT|Any CPU.Build.0 = DebugQT|Any CPU
		{F19EDDA6-3624-4BA6-A91E-DBCB2DA7FE38}.DebugQT|x64.ActiveCfg = DebugQT|Any CPU
		{F19EDDA6-3624-4BA6-A91E-DBCB2DA7FE38}.DebugQT|x64.Build.0 = DebugQT|Any CPU
		{F19EDDA6-3624-4BA6-A91E-DBCB2DA7FE38}.DebugQT|x86.ActiveCfg = DebugQT|Any CPU
		{F19EDDA6-3624-4BA6-A91E-DBCB2DA7FE38}.DebugQT|x86.Build.0 = DebugQT|Any CPU
		{F19EDDA6-3624-4BA6-A91E-DBCB2DA7FE38}.Release For WEB|Any CPU.ActiveCfg = Release For WEB|Any CPU
		{F19EDDA6-3624-4BA6-A91E-DBCB2DA7FE38}.Release For WEB|Any CPU.Build.0 = Release For WEB|Any CPU
		{F19EDDA6-3624-4BA6-A91E-DBCB2DA7FE38}.Release For WEB|x64.ActiveCfg = Release For WEB|Any CPU
		{F19EDDA6-3624-4BA6-A91E-DBCB2DA7FE38}.Release For WEB|x64.Build.0 = Release For WEB|Any CPU
		{F19EDDA6-3624-4BA6-A91E-DBCB2DA7FE38}.Release For WEB|x86.ActiveCfg = Release For WEB|x86
		{F19EDDA6-3624-4BA6-A91E-DBCB2DA7FE38}.Release For WEB|x86.Build.0 = Release For WEB|x86
		{F19EDDA6-3624-4BA6-A91E-DBCB2DA7FE38}.Release For Webversion|Any CPU.ActiveCfg = Release For Webversion|Any CPU
		{F19EDDA6-3624-4BA6-A91E-DBCB2DA7FE38}.Release For Webversion|Any CPU.Build.0 = Release For Webversion|Any CPU
		{F19EDDA6-3624-4BA6-A91E-DBCB2DA7FE38}.Release For Webversion|x64.ActiveCfg = Release For Webversion|Any CPU
		{F19EDDA6-3624-4BA6-A91E-DBCB2DA7FE38}.Release For Webversion|x64.Build.0 = Release For Webversion|Any CPU
		{F19EDDA6-3624-4BA6-A91E-DBCB2DA7FE38}.Release For Webversion|x86.ActiveCfg = Release For Webversion|x86
		{F19EDDA6-3624-4BA6-A91E-DBCB2DA7FE38}.Release For Webversion|x86.Build.0 = Release For Webversion|x86
		{F19EDDA6-3624-4BA6-A91E-DBCB2DA7FE38}.release with qtp|Any CPU.ActiveCfg = release with qtp|Any CPU
		{F19EDDA6-3624-4BA6-A91E-DBCB2DA7FE38}.release with qtp|Any CPU.Build.0 = release with qtp|Any CPU
		{F19EDDA6-3624-4BA6-A91E-DBCB2DA7FE38}.release with qtp|x64.ActiveCfg = release with qtp|Any CPU
		{F19EDDA6-3624-4BA6-A91E-DBCB2DA7FE38}.release with qtp|x64.Build.0 = release with qtp|Any CPU
		{F19EDDA6-3624-4BA6-A91E-DBCB2DA7FE38}.release with qtp|x86.ActiveCfg = release with qtp|Any CPU
		{F19EDDA6-3624-4BA6-A91E-DBCB2DA7FE38}.release with qtp|x86.Build.0 = release with qtp|Any CPU
		{F19EDDA6-3624-4BA6-A91E-DBCB2DA7FE38}.Release|Any CPU.ActiveCfg = Release|Any CPU
		{F19EDDA6-3624-4BA6-A91E-DBCB2DA7FE38}.Release|Any CPU.Build.0 = Release|Any CPU
		{F19EDDA6-3624-4BA6-A91E-DBCB2DA7FE38}.Release|x64.ActiveCfg = Release|Any CPU
		{F19EDDA6-3624-4BA6-A91E-DBCB2DA7FE38}.Release|x64.Build.0 = Release|Any CPU
		{F19EDDA6-3624-4BA6-A91E-DBCB2DA7FE38}.Release|x86.ActiveCfg = Release|x86
		{F19EDDA6-3624-4BA6-A91E-DBCB2DA7FE38}.Release|x86.Build.0 = Release|x86
		{F19EDDA6-3624-4BA6-A91E-DBCB2DA7FE38}.ReleaseQT|Any CPU.ActiveCfg = ReleaseQT|Any CPU
		{F19EDDA6-3624-4BA6-A91E-DBCB2DA7FE38}.ReleaseQT|Any CPU.Build.0 = ReleaseQT|Any CPU
		{F19EDDA6-3624-4BA6-A91E-DBCB2DA7FE38}.ReleaseQT|x64.ActiveCfg = ReleaseQT|Any CPU
		{F19EDDA6-3624-4BA6-A91E-DBCB2DA7FE38}.ReleaseQT|x64.Build.0 = ReleaseQT|Any CPU
		{F19EDDA6-3624-4BA6-A91E-DBCB2DA7FE38}.ReleaseQT|x86.ActiveCfg = ReleaseQT|x86
		{F19EDDA6-3624-4BA6-A91E-DBCB2DA7FE38}.ReleaseQT|x86.Build.0 = ReleaseQT|x86
		{B748E75E-AFF9-4FEA-8581-7F04AD5DA539}.DEBUG FOR WEBVERSION|Any CPU.ActiveCfg = DEBUG FOR WEBVERSION|Any CPU
		{B748E75E-AFF9-4FEA-8581-7F04AD5DA539}.DEBUG FOR WEBVERSION|Any CPU.Build.0 = DEBUG FOR WEBVERSION|Any CPU
		{B748E75E-AFF9-4FEA-8581-7F04AD5DA539}.DEBUG FOR WEBVERSION|x64.ActiveCfg = DEBUG FOR WEBVERSION|Any CPU
		{B748E75E-AFF9-4FEA-8581-7F04AD5DA539}.DEBUG FOR WEBVERSION|x64.Build.0 = DEBUG FOR WEBVERSION|Any CPU
		{B748E75E-AFF9-4FEA-8581-7F04AD5DA539}.DEBUG FOR WEBVERSION|x86.ActiveCfg = DEBUG FOR WEBVERSION|x86
		{B748E75E-AFF9-4FEA-8581-7F04AD5DA539}.DEBUG FOR WEBVERSION|x86.Build.0 = DEBUG FOR WEBVERSION|x86
		{B748E75E-AFF9-4FEA-8581-7F04AD5DA539}.debug with qtp|Any CPU.ActiveCfg = debug with qtp|Any CPU
		{B748E75E-AFF9-4FEA-8581-7F04AD5DA539}.debug with qtp|Any CPU.Build.0 = debug with qtp|Any CPU
		{B748E75E-AFF9-4FEA-8581-7F04AD5DA539}.debug with qtp|x64.ActiveCfg = debug with qtp|Any CPU
		{B748E75E-AFF9-4FEA-8581-7F04AD5DA539}.debug with qtp|x64.Build.0 = debug with qtp|Any CPU
		{B748E75E-AFF9-4FEA-8581-7F04AD5DA539}.debug with qtp|x86.ActiveCfg = debug with qtp|Any CPU
		{B748E75E-AFF9-4FEA-8581-7F04AD5DA539}.debug with qtp|x86.Build.0 = debug with qtp|Any CPU
		{B748E75E-AFF9-4FEA-8581-7F04AD5DA539}.debug x86|Any CPU.ActiveCfg = debug x86|Any CPU
		{B748E75E-AFF9-4FEA-8581-7F04AD5DA539}.debug x86|Any CPU.Build.0 = debug x86|Any CPU
		{B748E75E-AFF9-4FEA-8581-7F04AD5DA539}.debug x86|x64.ActiveCfg = debug x86|Any CPU
		{B748E75E-AFF9-4FEA-8581-7F04AD5DA539}.debug x86|x64.Build.0 = debug x86|Any CPU
		{B748E75E-AFF9-4FEA-8581-7F04AD5DA539}.debug x86|x86.ActiveCfg = debug x86|x86
		{B748E75E-AFF9-4FEA-8581-7F04AD5DA539}.debug x86|x86.Build.0 = debug x86|x86
		{B748E75E-AFF9-4FEA-8581-7F04AD5DA539}.Debug|Any CPU.ActiveCfg = Debug|Any CPU
		{B748E75E-AFF9-4FEA-8581-7F04AD5DA539}.Debug|Any CPU.Build.0 = Debug|Any CPU
		{B748E75E-AFF9-4FEA-8581-7F04AD5DA539}.Debug|x64.ActiveCfg = Debug|Any CPU
		{B748E75E-AFF9-4FEA-8581-7F04AD5DA539}.Debug|x64.Build.0 = Debug|Any CPU
		{B748E75E-AFF9-4FEA-8581-7F04AD5DA539}.Debug|x86.ActiveCfg = Debug|Any CPU
		{B748E75E-AFF9-4FEA-8581-7F04AD5DA539}.Debug|x86.Build.0 = Debug|Any CPU
		{B748E75E-AFF9-4FEA-8581-7F04AD5DA539}.DebugQT|Any CPU.ActiveCfg = DebugQT|Any CPU
		{B748E75E-AFF9-4FEA-8581-7F04AD5DA539}.DebugQT|Any CPU.Build.0 = DebugQT|Any CPU
		{B748E75E-AFF9-4FEA-8581-7F04AD5DA539}.DebugQT|x64.ActiveCfg = DebugQT|Any CPU
		{B748E75E-AFF9-4FEA-8581-7F04AD5DA539}.DebugQT|x64.Build.0 = DebugQT|Any CPU
		{B748E75E-AFF9-4FEA-8581-7F04AD5DA539}.DebugQT|x86.ActiveCfg = DebugQT|Any CPU
		{B748E75E-AFF9-4FEA-8581-7F04AD5DA539}.DebugQT|x86.Build.0 = DebugQT|Any CPU
		{B748E75E-AFF9-4FEA-8581-7F04AD5DA539}.Release For WEB|Any CPU.ActiveCfg = Release For WEB|Any CPU
		{B748E75E-AFF9-4FEA-8581-7F04AD5DA539}.Release For WEB|Any CPU.Build.0 = Release For WEB|Any CPU
		{B748E75E-AFF9-4FEA-8581-7F04AD5DA539}.Release For WEB|x64.ActiveCfg = Release For WEB|Any CPU
		{B748E75E-AFF9-4FEA-8581-7F04AD5DA539}.Release For WEB|x64.Build.0 = Release For WEB|Any CPU
		{B748E75E-AFF9-4FEA-8581-7F04AD5DA539}.Release For WEB|x86.ActiveCfg = Release For WEB|x86
		{B748E75E-AFF9-4FEA-8581-7F04AD5DA539}.Release For WEB|x86.Build.0 = Release For WEB|x86
		{B748E75E-AFF9-4FEA-8581-7F04AD5DA539}.Release For Webversion|Any CPU.ActiveCfg = Release For Webversion|Any CPU
		{B748E75E-AFF9-4FEA-8581-7F04AD5DA539}.Release For Webversion|Any CPU.Build.0 = Release For Webversion|Any CPU
		{B748E75E-AFF9-4FEA-8581-7F04AD5DA539}.Release For Webversion|x64.ActiveCfg = Release For Webversion|Any CPU
		{B748E75E-AFF9-4FEA-8581-7F04AD5DA539}.Release For Webversion|x64.Build.0 = Release For Webversion|Any CPU
		{B748E75E-AFF9-4FEA-8581-7F04AD5DA539}.Release For Webversion|x86.ActiveCfg = Release For Webversion|x86
		{B748E75E-AFF9-4FEA-8581-7F04AD5DA539}.Release For Webversion|x86.Build.0 = Release For Webversion|x86
		{B748E75E-AFF9-4FEA-8581-7F04AD5DA539}.release with qtp|Any CPU.ActiveCfg = release with qtp|Any CPU
		{B748E75E-AFF9-4FEA-8581-7F04AD5DA539}.release with qtp|Any CPU.Build.0 = release with qtp|Any CPU
		{B748E75E-AFF9-4FEA-8581-7F04AD5DA539}.release with qtp|x64.ActiveCfg = release with qtp|Any CPU
		{B748E75E-AFF9-4FEA-8581-7F04AD5DA539}.release with qtp|x64.Build.0 = release with qtp|Any CPU
		{B748E75E-AFF9-4FEA-8581-7F04AD5DA539}.release with qtp|x86.ActiveCfg = release with qtp|Any CPU
		{B748E75E-AFF9-4FEA-8581-7F04AD5DA539}.release with qtp|x86.Build.0 = release with qtp|Any CPU
		{B748E75E-AFF9-4FEA-8581-7F04AD5DA539}.Release|Any CPU.ActiveCfg = Release|Any CPU
		{B748E75E-AFF9-4FEA-8581-7F04AD5DA539}.Release|Any CPU.Build.0 = Release|Any CPU
		{B748E75E-AFF9-4FEA-8581-7F04AD5DA539}.Release|x64.ActiveCfg = Release|Any CPU
		{B748E75E-AFF9-4FEA-8581-7F04AD5DA539}.Release|x64.Build.0 = Release|Any CPU
		{B748E75E-AFF9-4FEA-8581-7F04AD5DA539}.Release|x86.ActiveCfg = Release|x86
		{B748E75E-AFF9-4FEA-8581-7F04AD5DA539}.Release|x86.Build.0 = Release|x86
		{B748E75E-AFF9-4FEA-8581-7F04AD5DA539}.ReleaseQT|Any CPU.ActiveCfg = ReleaseQT|Any CPU
		{B748E75E-AFF9-4FEA-8581-7F04AD5DA539}.ReleaseQT|Any CPU.Build.0 = ReleaseQT|Any CPU
		{B748E75E-AFF9-4FEA-8581-7F04AD5DA539}.ReleaseQT|x64.ActiveCfg = ReleaseQT|Any CPU
		{B748E75E-AFF9-4FEA-8581-7F04AD5DA539}.ReleaseQT|x64.Build.0 = ReleaseQT|Any CPU
		{B748E75E-AFF9-4FEA-8581-7F04AD5DA539}.ReleaseQT|x86.ActiveCfg = ReleaseQT|x86
		{B748E75E-AFF9-4FEA-8581-7F04AD5DA539}.ReleaseQT|x86.Build.0 = ReleaseQT|x86
		{73AB2085-4C8A-4C31-98B1-4C1572E1FCE3}.DEBUG FOR WEBVERSION|Any CPU.ActiveCfg = DEBUG FOR WEBVERSION|Any CPU
		{73AB2085-4C8A-4C31-98B1-4C1572E1FCE3}.DEBUG FOR WEBVERSION|Any CPU.Build.0 = DEBUG FOR WEBVERSION|Any CPU
		{73AB2085-4C8A-4C31-98B1-4C1572E1FCE3}.DEBUG FOR WEBVERSION|x64.ActiveCfg = DEBUG FOR WEBVERSION|Any CPU
		{73AB2085-4C8A-4C31-98B1-4C1572E1FCE3}.DEBUG FOR WEBVERSION|x64.Build.0 = DEBUG FOR WEBVERSION|Any CPU
		{73AB2085-4C8A-4C31-98B1-4C1572E1FCE3}.DEBUG FOR WEBVERSION|x86.ActiveCfg = DEBUG FOR WEBVERSION|x86
		{73AB2085-4C8A-4C31-98B1-4C1572E1FCE3}.DEBUG FOR WEBVERSION|x86.Build.0 = DEBUG FOR WEBVERSION|x86
		{73AB2085-4C8A-4C31-98B1-4C1572E1FCE3}.debug with qtp|Any CPU.ActiveCfg = debug with qtp|Any CPU
		{73AB2085-4C8A-4C31-98B1-4C1572E1FCE3}.debug with qtp|Any CPU.Build.0 = debug with qtp|Any CPU
		{73AB2085-4C8A-4C31-98B1-4C1572E1FCE3}.debug with qtp|x64.ActiveCfg = debug with qtp|Any CPU
		{73AB2085-4C8A-4C31-98B1-4C1572E1FCE3}.debug with qtp|x64.Build.0 = debug with qtp|Any CPU
		{73AB2085-4C8A-4C31-98B1-4C1572E1FCE3}.debug with qtp|x86.ActiveCfg = debug with qtp|Any CPU
		{73AB2085-4C8A-4C31-98B1-4C1572E1FCE3}.debug with qtp|x86.Build.0 = debug with qtp|Any CPU
		{73AB2085-4C8A-4C31-98B1-4C1572E1FCE3}.debug x86|Any CPU.ActiveCfg = debug x86|Any CPU
		{73AB2085-4C8A-4C31-98B1-4C1572E1FCE3}.debug x86|Any CPU.Build.0 = debug x86|Any CPU
		{73AB2085-4C8A-4C31-98B1-4C1572E1FCE3}.debug x86|x64.ActiveCfg = debug x86|Any CPU
		{73AB2085-4C8A-4C31-98B1-4C1572E1FCE3}.debug x86|x64.Build.0 = debug x86|Any CPU
		{73AB2085-4C8A-4C31-98B1-4C1572E1FCE3}.debug x86|x86.ActiveCfg = debug x86|x86
		{73AB2085-4C8A-4C31-98B1-4C1572E1FCE3}.debug x86|x86.Build.0 = debug x86|x86
		{73AB2085-4C8A-4C31-98B1-4C1572E1FCE3}.Debug|Any CPU.ActiveCfg = Debug|Any CPU
		{73AB2085-4C8A-4C31-98B1-4C1572E1FCE3}.Debug|Any CPU.Build.0 = Debug|Any CPU
		{73AB2085-4C8A-4C31-98B1-4C1572E1FCE3}.Debug|x64.ActiveCfg = Debug|Any CPU
		{73AB2085-4C8A-4C31-98B1-4C1572E1FCE3}.Debug|x64.Build.0 = Debug|Any CPU
		{73AB2085-4C8A-4C31-98B1-4C1572E1FCE3}.Debug|x86.ActiveCfg = Debug|Any CPU
		{73AB2085-4C8A-4C31-98B1-4C1572E1FCE3}.Debug|x86.Build.0 = Debug|Any CPU
		{73AB2085-4C8A-4C31-98B1-4C1572E1FCE3}.DebugQT|Any CPU.ActiveCfg = DebugQT|Any CPU
		{73AB2085-4C8A-4C31-98B1-4C1572E1FCE3}.DebugQT|Any CPU.Build.0 = DebugQT|Any CPU
		{73AB2085-4C8A-4C31-98B1-4C1572E1FCE3}.DebugQT|x64.ActiveCfg = DebugQT|Any CPU
		{73AB2085-4C8A-4C31-98B1-4C1572E1FCE3}.DebugQT|x64.Build.0 = DebugQT|Any CPU
		{73AB2085-4C8A-4C31-98B1-4C1572E1FCE3}.DebugQT|x86.ActiveCfg = DebugQT|Any CPU
		{73AB2085-4C8A-4C31-98B1-4C1572E1FCE3}.DebugQT|x86.Build.0 = DebugQT|Any CPU
		{73AB2085-4C8A-4C31-98B1-4C1572E1FCE3}.Release For WEB|Any CPU.ActiveCfg = Release For WEB|Any CPU
		{73AB2085-4C8A-4C31-98B1-4C1572E1FCE3}.Release For WEB|Any CPU.Build.0 = Release For WEB|Any CPU
		{73AB2085-4C8A-4C31-98B1-4C1572E1FCE3}.Release For WEB|x64.ActiveCfg = Release For WEB|Any CPU
		{73AB2085-4C8A-4C31-98B1-4C1572E1FCE3}.Release For WEB|x64.Build.0 = Release For WEB|Any CPU
		{73AB2085-4C8A-4C31-98B1-4C1572E1FCE3}.Release For WEB|x86.ActiveCfg = Release For WEB|x86
		{73AB2085-4C8A-4C31-98B1-4C1572E1FCE3}.Release For WEB|x86.Build.0 = Release For WEB|x86
		{73AB2085-4C8A-4C31-98B1-4C1572E1FCE3}.Release For Webversion|Any CPU.ActiveCfg = Release For Webversion|Any CPU
		{73AB2085-4C8A-4C31-98B1-4C1572E1FCE3}.Release For Webversion|Any CPU.Build.0 = Release For Webversion|Any CPU
		{73AB2085-4C8A-4C31-98B1-4C1572E1FCE3}.Release For Webversion|x64.ActiveCfg = Release For Webversion|Any CPU
		{73AB2085-4C8A-4C31-98B1-4C1572E1FCE3}.Release For Webversion|x64.Build.0 = Release For Webversion|Any CPU
		{73AB2085-4C8A-4C31-98B1-4C1572E1FCE3}.Release For Webversion|x86.ActiveCfg = Release For Webversion|x86
		{73AB2085-4C8A-4C31-98B1-4C1572E1FCE3}.Release For Webversion|x86.Build.0 = Release For Webversion|x86
		{73AB2085-4C8A-4C31-98B1-4C1572E1FCE3}.release with qtp|Any CPU.ActiveCfg = release with qtp|Any CPU
		{73AB2085-4C8A-4C31-98B1-4C1572E1FCE3}.release with qtp|Any CPU.Build.0 = release with qtp|Any CPU
		{73AB2085-4C8A-4C31-98B1-4C1572E1FCE3}.release with qtp|x64.ActiveCfg = release with qtp|Any CPU
		{73AB2085-4C8A-4C31-98B1-4C1572E1FCE3}.release with qtp|x64.Build.0 = release with qtp|Any CPU
		{73AB2085-4C8A-4C31-98B1-4C1572E1FCE3}.release with qtp|x86.ActiveCfg = release with qtp|Any CPU
		{73AB2085-4C8A-4C31-98B1-4C1572E1FCE3}.release with qtp|x86.Build.0 = release with qtp|Any CPU
		{73AB2085-4C8A-4C31-98B1-4C1572E1FCE3}.Release|Any CPU.ActiveCfg = Release|Any CPU
		{73AB2085-4C8A-4C31-98B1-4C1572E1FCE3}.Release|Any CPU.Build.0 = Release|Any CPU
		{73AB2085-4C8A-4C31-98B1-4C1572E1FCE3}.Release|x64.ActiveCfg = Release|Any CPU
		{73AB2085-4C8A-4C31-98B1-4C1572E1FCE3}.Release|x64.Build.0 = Release|Any CPU
		{73AB2085-4C8A-4C31-98B1-4C1572E1FCE3}.Release|x86.ActiveCfg = Release|x86
		{73AB2085-4C8A-4C31-98B1-4C1572E1FCE3}.Release|x86.Build.0 = Release|x86
		{73AB2085-4C8A-4C31-98B1-4C1572E1FCE3}.ReleaseQT|Any CPU.ActiveCfg = ReleaseQT|Any CPU
		{73AB2085-4C8A-4C31-98B1-4C1572E1FCE3}.ReleaseQT|Any CPU.Build.0 = ReleaseQT|Any CPU
		{73AB2085-4C8A-4C31-98B1-4C1572E1FCE3}.ReleaseQT|x64.ActiveCfg = ReleaseQT|Any CPU
		{73AB2085-4C8A-4C31-98B1-4C1572E1FCE3}.ReleaseQT|x64.Build.0 = ReleaseQT|Any CPU
		{73AB2085-4C8A-4C31-98B1-4C1572E1FCE3}.ReleaseQT|x86.ActiveCfg = ReleaseQT|x86
		{73AB2085-4C8A-4C31-98B1-4C1572E1FCE3}.ReleaseQT|x86.Build.0 = ReleaseQT|x86
		{DFC95280-7252-4578-A8BD-921FAD0A6301}.DEBUG FOR WEBVERSION|Any CPU.ActiveCfg = DEBUG FOR WEBVERSION|Any CPU
		{DFC95280-7252-4578-A8BD-921FAD0A6301}.DEBUG FOR WEBVERSION|Any CPU.Build.0 = DEBUG FOR WEBVERSION|Any CPU
		{DFC95280-7252-4578-A8BD-921FAD0A6301}.DEBUG FOR WEBVERSION|x64.ActiveCfg = DEBUG FOR WEBVERSION|Any CPU
		{DFC95280-7252-4578-A8BD-921FAD0A6301}.DEBUG FOR WEBVERSION|x64.Build.0 = DEBUG FOR WEBVERSION|Any CPU
		{DFC95280-7252-4578-A8BD-921FAD0A6301}.DEBUG FOR WEBVERSION|x86.ActiveCfg = DEBUG FOR WEBVERSION|x86
		{DFC95280-7252-4578-A8BD-921FAD0A6301}.DEBUG FOR WEBVERSION|x86.Build.0 = DEBUG FOR WEBVERSION|x86
		{DFC95280-7252-4578-A8BD-921FAD0A6301}.debug with qtp|Any CPU.ActiveCfg = DEBUG FOR WEBVERSION|Any CPU
		{DFC95280-7252-4578-A8BD-921FAD0A6301}.debug with qtp|Any CPU.Build.0 = DEBUG FOR WEBVERSION|Any CPU
		{DFC95280-7252-4578-A8BD-921FAD0A6301}.debug with qtp|x64.ActiveCfg = DEBUG FOR WEBVERSION|Any CPU
		{DFC95280-7252-4578-A8BD-921FAD0A6301}.debug with qtp|x64.Build.0 = DEBUG FOR WEBVERSION|Any CPU
		{DFC95280-7252-4578-A8BD-921FAD0A6301}.debug with qtp|x86.ActiveCfg = DEBUG FOR WEBVERSION|x86
		{DFC95280-7252-4578-A8BD-921FAD0A6301}.debug with qtp|x86.Build.0 = DEBUG FOR WEBVERSION|x86
		{DFC95280-7252-4578-A8BD-921FAD0A6301}.debug x86|Any CPU.ActiveCfg = DEBUG FOR WEBVERSION|Any CPU
		{DFC95280-7252-4578-A8BD-921FAD0A6301}.debug x86|Any CPU.Build.0 = DEBUG FOR WEBVERSION|Any CPU
		{DFC95280-7252-4578-A8BD-921FAD0A6301}.debug x86|x64.ActiveCfg = DEBUG FOR WEBVERSION|Any CPU
		{DFC95280-7252-4578-A8BD-921FAD0A6301}.debug x86|x64.Build.0 = DEBUG FOR WEBVERSION|Any CPU
		{DFC95280-7252-4578-A8BD-921FAD0A6301}.debug x86|x86.ActiveCfg = DEBUG FOR WEBVERSION|x86
		{DFC95280-7252-4578-A8BD-921FAD0A6301}.debug x86|x86.Build.0 = DEBUG FOR WEBVERSION|x86
		{DFC95280-7252-4578-A8BD-921FAD0A6301}.Debug|Any CPU.ActiveCfg = Debug|Any CPU
		{DFC95280-7252-4578-A8BD-921FAD0A6301}.Debug|Any CPU.Build.0 = Debug|Any CPU
		{DFC95280-7252-4578-A8BD-921FAD0A6301}.Debug|x64.ActiveCfg = Debug|Any CPU
		{DFC95280-7252-4578-A8BD-921FAD0A6301}.Debug|x64.Build.0 = Debug|Any CPU
		{DFC95280-7252-4578-A8BD-921FAD0A6301}.Debug|x86.ActiveCfg = Debug|x86
		{DFC95280-7252-4578-A8BD-921FAD0A6301}.Debug|x86.Build.0 = Debug|x86
		{DFC95280-7252-4578-A8BD-921FAD0A6301}.DebugQT|Any CPU.ActiveCfg = DEBUG FOR WEBVERSION|Any CPU
		{DFC95280-7252-4578-A8BD-921FAD0A6301}.DebugQT|Any CPU.Build.0 = DEBUG FOR WEBVERSION|Any CPU
		{DFC95280-7252-4578-A8BD-921FAD0A6301}.DebugQT|x64.ActiveCfg = DEBUG FOR WEBVERSION|Any CPU
		{DFC95280-7252-4578-A8BD-921FAD0A6301}.DebugQT|x64.Build.0 = DEBUG FOR WEBVERSION|Any CPU
		{DFC95280-7252-4578-A8BD-921FAD0A6301}.DebugQT|x86.ActiveCfg = DEBUG FOR WEBVERSION|x86
		{DFC95280-7252-4578-A8BD-921FAD0A6301}.DebugQT|x86.Build.0 = DEBUG FOR WEBVERSION|x86
		{DFC95280-7252-4578-A8BD-921FAD0A6301}.Release For WEB|Any CPU.ActiveCfg = Release For Webversion|Any CPU
		{DFC95280-7252-4578-A8BD-921FAD0A6301}.Release For WEB|Any CPU.Build.0 = Release For Webversion|Any CPU
		{DFC95280-7252-4578-A8BD-921FAD0A6301}.Release For WEB|x64.ActiveCfg = Release For Webversion|Any CPU
		{DFC95280-7252-4578-A8BD-921FAD0A6301}.Release For WEB|x64.Build.0 = Release For Webversion|Any CPU
		{DFC95280-7252-4578-A8BD-921FAD0A6301}.Release For WEB|x86.ActiveCfg = Release For Webversion|x86
		{DFC95280-7252-4578-A8BD-921FAD0A6301}.Release For WEB|x86.Build.0 = Release For Webversion|x86
		{DFC95280-7252-4578-A8BD-921FAD0A6301}.Release For Webversion|Any CPU.ActiveCfg = Release For Webversion|Any CPU
		{DFC95280-7252-4578-A8BD-921FAD0A6301}.Release For Webversion|Any CPU.Build.0 = Release For Webversion|Any CPU
		{DFC95280-7252-4578-A8BD-921FAD0A6301}.Release For Webversion|x64.ActiveCfg = Release For Webversion|Any CPU
		{DFC95280-7252-4578-A8BD-921FAD0A6301}.Release For Webversion|x64.Build.0 = Release For Webversion|Any CPU
		{DFC95280-7252-4578-A8BD-921FAD0A6301}.Release For Webversion|x86.ActiveCfg = Release For Webversion|x86
		{DFC95280-7252-4578-A8BD-921FAD0A6301}.Release For Webversion|x86.Build.0 = Release For Webversion|x86
		{DFC95280-7252-4578-A8BD-921FAD0A6301}.release with qtp|Any CPU.ActiveCfg = Release For Webversion|Any CPU
		{DFC95280-7252-4578-A8BD-921FAD0A6301}.release with qtp|Any CPU.Build.0 = Release For Webversion|Any CPU
		{DFC95280-7252-4578-A8BD-921FAD0A6301}.release with qtp|x64.ActiveCfg = Release For Webversion|Any CPU
		{DFC95280-7252-4578-A8BD-921FAD0A6301}.release with qtp|x64.Build.0 = Release For Webversion|Any CPU
		{DFC95280-7252-4578-A8BD-921FAD0A6301}.release with qtp|x86.ActiveCfg = Release For Webversion|x86
		{DFC95280-7252-4578-A8BD-921FAD0A6301}.release with qtp|x86.Build.0 = Release For Webversion|x86
		{DFC95280-7252-4578-A8BD-921FAD0A6301}.Release|Any CPU.ActiveCfg = Release|Any CPU
		{DFC95280-7252-4578-A8BD-921FAD0A6301}.Release|Any CPU.Build.0 = Release|Any CPU
		{DFC95280-7252-4578-A8BD-921FAD0A6301}.Release|x64.ActiveCfg = Release|Any CPU
		{DFC95280-7252-4578-A8BD-921FAD0A6301}.Release|x64.Build.0 = Release|Any CPU
		{DFC95280-7252-4578-A8BD-921FAD0A6301}.Release|x86.ActiveCfg = Release|x86
		{DFC95280-7252-4578-A8BD-921FAD0A6301}.Release|x86.Build.0 = Release|x86
		{DFC95280-7252-4578-A8BD-921FAD0A6301}.ReleaseQT|Any CPU.ActiveCfg = Release For Webversion|Any CPU
		{DFC95280-7252-4578-A8BD-921FAD0A6301}.ReleaseQT|Any CPU.Build.0 = Release For Webversion|Any CPU
		{DFC95280-7252-4578-A8BD-921FAD0A6301}.ReleaseQT|x64.ActiveCfg = Release For Webversion|Any CPU
		{DFC95280-7252-4578-A8BD-921FAD0A6301}.ReleaseQT|x64.Build.0 = Release For Webversion|Any CPU
		{DFC95280-7252-4578-A8BD-921FAD0A6301}.ReleaseQT|x86.ActiveCfg = Release For Webversion|x86
		{DFC95280-7252-4578-A8BD-921FAD0A6301}.ReleaseQT|x86.Build.0 = Release For Webversion|x86
		{882DFD8D-A6E4-4825-B0BA-3D854E66DCA0}.DEBUG FOR WEBVERSION|Any CPU.ActiveCfg = DEBUG FOR WEBVERSION|Any CPU
		{882DFD8D-A6E4-4825-B0BA-3D854E66DCA0}.DEBUG FOR WEBVERSION|Any CPU.Build.0 = DEBUG FOR WEBVERSION|Any CPU
		{882DFD8D-A6E4-4825-B0BA-3D854E66DCA0}.DEBUG FOR WEBVERSION|x64.ActiveCfg = DEBUG FOR WEBVERSION|Any CPU
		{882DFD8D-A6E4-4825-B0BA-3D854E66DCA0}.DEBUG FOR WEBVERSION|x64.Build.0 = DEBUG FOR WEBVERSION|Any CPU
		{882DFD8D-A6E4-4825-B0BA-3D854E66DCA0}.DEBUG FOR WEBVERSION|x86.ActiveCfg = DEBUG FOR WEBVERSION|x86
		{882DFD8D-A6E4-4825-B0BA-3D854E66DCA0}.DEBUG FOR WEBVERSION|x86.Build.0 = DEBUG FOR WEBVERSION|x86
		{882DFD8D-A6E4-4825-B0BA-3D854E66DCA0}.debug with qtp|Any CPU.ActiveCfg = debug with qtp|Any CPU
		{882DFD8D-A6E4-4825-B0BA-3D854E66DCA0}.debug with qtp|Any CPU.Build.0 = debug with qtp|Any CPU
		{882DFD8D-A6E4-4825-B0BA-3D854E66DCA0}.debug with qtp|x64.ActiveCfg = debug with qtp|Any CPU
		{882DFD8D-A6E4-4825-B0BA-3D854E66DCA0}.debug with qtp|x64.Build.0 = debug with qtp|Any CPU
		{882DFD8D-A6E4-4825-B0BA-3D854E66DCA0}.debug with qtp|x86.ActiveCfg = debug with qtp|x86
		{882DFD8D-A6E4-4825-B0BA-3D854E66DCA0}.debug with qtp|x86.Build.0 = debug with qtp|x86
		{882DFD8D-A6E4-4825-B0BA-3D854E66DCA0}.debug x86|Any CPU.ActiveCfg = debug x86|Any CPU
		{882DFD8D-A6E4-4825-B0BA-3D854E66DCA0}.debug x86|Any CPU.Build.0 = debug x86|Any CPU
		{882DFD8D-A6E4-4825-B0BA-3D854E66DCA0}.debug x86|x64.ActiveCfg = debug x86|Any CPU
		{882DFD8D-A6E4-4825-B0BA-3D854E66DCA0}.debug x86|x64.Build.0 = debug x86|Any CPU
		{882DFD8D-A6E4-4825-B0BA-3D854E66DCA0}.debug x86|x86.ActiveCfg = debug x86|x86
		{882DFD8D-A6E4-4825-B0BA-3D854E66DCA0}.debug x86|x86.Build.0 = debug x86|x86
		{882DFD8D-A6E4-4825-B0BA-3D854E66DCA0}.Debug|Any CPU.ActiveCfg = Debug|Any CPU
		{882DFD8D-A6E4-4825-B0BA-3D854E66DCA0}.Debug|Any CPU.Build.0 = Debug|Any CPU
		{882DFD8D-A6E4-4825-B0BA-3D854E66DCA0}.Debug|x64.ActiveCfg = Debug|Any CPU
		{882DFD8D-A6E4-4825-B0BA-3D854E66DCA0}.Debug|x64.Build.0 = Debug|Any CPU
		{882DFD8D-A6E4-4825-B0BA-3D854E66DCA0}.Debug|x86.ActiveCfg = Debug|x86
		{882DFD8D-A6E4-4825-B0BA-3D854E66DCA0}.Debug|x86.Build.0 = Debug|x86
		{882DFD8D-A6E4-4825-B0BA-3D854E66DCA0}.DebugQT|Any CPU.ActiveCfg = DebugQT|Any CPU
		{882DFD8D-A6E4-4825-B0BA-3D854E66DCA0}.DebugQT|Any CPU.Build.0 = DebugQT|Any CPU
		{882DFD8D-A6E4-4825-B0BA-3D854E66DCA0}.DebugQT|x64.ActiveCfg = DebugQT|Any CPU
		{882DFD8D-A6E4-4825-B0BA-3D854E66DCA0}.DebugQT|x64.Build.0 = DebugQT|Any CPU
		{882DFD8D-A6E4-4825-B0BA-3D854E66DCA0}.DebugQT|x86.ActiveCfg = DebugQT|x86
		{882DFD8D-A6E4-4825-B0BA-3D854E66DCA0}.DebugQT|x86.Build.0 = DebugQT|x86
		{882DFD8D-A6E4-4825-B0BA-3D854E66DCA0}.Release For WEB|Any CPU.ActiveCfg = Release For WEB|Any CPU
		{882DFD8D-A6E4-4825-B0BA-3D854E66DCA0}.Release For WEB|Any CPU.Build.0 = Release For WEB|Any CPU
		{882DFD8D-A6E4-4825-B0BA-3D854E66DCA0}.Release For WEB|x64.ActiveCfg = Release For WEB|Any CPU
		{882DFD8D-A6E4-4825-B0BA-3D854E66DCA0}.Release For WEB|x64.Build.0 = Release For WEB|Any CPU
		{882DFD8D-A6E4-4825-B0BA-3D854E66DCA0}.Release For WEB|x86.ActiveCfg = Release For WEB|x86
		{882DFD8D-A6E4-4825-B0BA-3D854E66DCA0}.Release For WEB|x86.Build.0 = Release For WEB|x86
		{882DFD8D-A6E4-4825-B0BA-3D854E66DCA0}.Release For Webversion|Any CPU.ActiveCfg = Release For Webversion|Any CPU
		{882DFD8D-A6E4-4825-B0BA-3D854E66DCA0}.Release For Webversion|Any CPU.Build.0 = Release For Webversion|Any CPU
		{882DFD8D-A6E4-4825-B0BA-3D854E66DCA0}.Release For Webversion|x64.ActiveCfg = Release For Webversion|Any CPU
		{882DFD8D-A6E4-4825-B0BA-3D854E66DCA0}.Release For Webversion|x64.Build.0 = Release For Webversion|Any CPU
		{882DFD8D-A6E4-4825-B0BA-3D854E66DCA0}.Release For Webversion|x86.ActiveCfg = Release For Webversion|x86
		{882DFD8D-A6E4-4825-B0BA-3D854E66DCA0}.Release For Webversion|x86.Build.0 = Release For Webversion|x86
		{882DFD8D-A6E4-4825-B0BA-3D854E66DCA0}.release with qtp|Any CPU.ActiveCfg = release with qtp|Any CPU
		{882DFD8D-A6E4-4825-B0BA-3D854E66DCA0}.release with qtp|Any CPU.Build.0 = release with qtp|Any CPU
		{882DFD8D-A6E4-4825-B0BA-3D854E66DCA0}.release with qtp|x64.ActiveCfg = release with qtp|Any CPU
		{882DFD8D-A6E4-4825-B0BA-3D854E66DCA0}.release with qtp|x64.Build.0 = release with qtp|Any CPU
		{882DFD8D-A6E4-4825-B0BA-3D854E66DCA0}.release with qtp|x86.ActiveCfg = release with qtp|x86
		{882DFD8D-A6E4-4825-B0BA-3D854E66DCA0}.release with qtp|x86.Build.0 = release with qtp|x86
		{882DFD8D-A6E4-4825-B0BA-3D854E66DCA0}.Release|Any CPU.ActiveCfg = Release|Any CPU
		{882DFD8D-A6E4-4825-B0BA-3D854E66DCA0}.Release|Any CPU.Build.0 = Release|Any CPU
		{882DFD8D-A6E4-4825-B0BA-3D854E66DCA0}.Release|x64.ActiveCfg = Release|Any CPU
		{882DFD8D-A6E4-4825-B0BA-3D854E66DCA0}.Release|x64.Build.0 = Release|Any CPU
		{882DFD8D-A6E4-4825-B0BA-3D854E66DCA0}.Release|x86.ActiveCfg = Release|x86
		{882DFD8D-A6E4-4825-B0BA-3D854E66DCA0}.Release|x86.Build.0 = Release|x86
		{882DFD8D-A6E4-4825-B0BA-3D854E66DCA0}.ReleaseQT|Any CPU.ActiveCfg = ReleaseQT|Any CPU
		{882DFD8D-A6E4-4825-B0BA-3D854E66DCA0}.ReleaseQT|Any CPU.Build.0 = ReleaseQT|Any CPU
		{882DFD8D-A6E4-4825-B0BA-3D854E66DCA0}.ReleaseQT|x64.ActiveCfg = ReleaseQT|Any CPU
		{882DFD8D-A6E4-4825-B0BA-3D854E66DCA0}.ReleaseQT|x64.Build.0 = ReleaseQT|Any CPU
		{882DFD8D-A6E4-4825-B0BA-3D854E66DCA0}.ReleaseQT|x86.ActiveCfg = ReleaseQT|x86
		{882DFD8D-A6E4-4825-B0BA-3D854E66DCA0}.ReleaseQT|x86.Build.0 = ReleaseQT|x86
		{8C9C047C-DDFC-4811-B1C6-B0468410CAD7}.DEBUG FOR WEBVERSION|Any CPU.ActiveCfg = DEBUG FOR WEBVERSION|Any CPU
		{8C9C047C-DDFC-4811-B1C6-B0468410CAD7}.DEBUG FOR WEBVERSION|Any CPU.Build.0 = DEBUG FOR WEBVERSION|Any CPU
		{8C9C047C-DDFC-4811-B1C6-B0468410CAD7}.DEBUG FOR WEBVERSION|x64.ActiveCfg = DEBUG FOR WEBVERSION|Any CPU
		{8C9C047C-DDFC-4811-B1C6-B0468410CAD7}.DEBUG FOR WEBVERSION|x64.Build.0 = DEBUG FOR WEBVERSION|Any CPU
		{8C9C047C-DDFC-4811-B1C6-B0468410CAD7}.DEBUG FOR WEBVERSION|x86.ActiveCfg = DEBUG FOR WEBVERSION|x86
		{8C9C047C-DDFC-4811-B1C6-B0468410CAD7}.DEBUG FOR WEBVERSION|x86.Build.0 = DEBUG FOR WEBVERSION|x86
		{8C9C047C-DDFC-4811-B1C6-B0468410CAD7}.debug with qtp|Any CPU.ActiveCfg = debug with qtp|Any CPU
		{8C9C047C-DDFC-4811-B1C6-B0468410CAD7}.debug with qtp|Any CPU.Build.0 = debug with qtp|Any CPU
		{8C9C047C-DDFC-4811-B1C6-B0468410CAD7}.debug with qtp|x64.ActiveCfg = debug with qtp|Any CPU
		{8C9C047C-DDFC-4811-B1C6-B0468410CAD7}.debug with qtp|x64.Build.0 = debug with qtp|Any CPU
		{8C9C047C-DDFC-4811-B1C6-B0468410CAD7}.debug with qtp|x86.ActiveCfg = debug with qtp|x86
		{8C9C047C-DDFC-4811-B1C6-B0468410CAD7}.debug with qtp|x86.Build.0 = debug with qtp|x86
		{8C9C047C-DDFC-4811-B1C6-B0468410CAD7}.debug x86|Any CPU.ActiveCfg = debug x86|Any CPU
		{8C9C047C-DDFC-4811-B1C6-B0468410CAD7}.debug x86|Any CPU.Build.0 = debug x86|Any CPU
		{8C9C047C-DDFC-4811-B1C6-B0468410CAD7}.debug x86|x64.ActiveCfg = debug x86|Any CPU
		{8C9C047C-DDFC-4811-B1C6-B0468410CAD7}.debug x86|x64.Build.0 = debug x86|Any CPU
		{8C9C047C-DDFC-4811-B1C6-B0468410CAD7}.debug x86|x86.ActiveCfg = debug x86|x86
		{8C9C047C-DDFC-4811-B1C6-B0468410CAD7}.debug x86|x86.Build.0 = debug x86|x86
		{8C9C047C-DDFC-4811-B1C6-B0468410CAD7}.Debug|Any CPU.ActiveCfg = Debug|Any CPU
		{8C9C047C-DDFC-4811-B1C6-B0468410CAD7}.Debug|Any CPU.Build.0 = Debug|Any CPU
		{8C9C047C-DDFC-4811-B1C6-B0468410CAD7}.Debug|x64.ActiveCfg = Debug|Any CPU
		{8C9C047C-DDFC-4811-B1C6-B0468410CAD7}.Debug|x64.Build.0 = Debug|Any CPU
		{8C9C047C-DDFC-4811-B1C6-B0468410CAD7}.Debug|x86.ActiveCfg = Debug|x86
		{8C9C047C-DDFC-4811-B1C6-B0468410CAD7}.Debug|x86.Build.0 = Debug|x86
		{8C9C047C-DDFC-4811-B1C6-B0468410CAD7}.DebugQT|Any CPU.ActiveCfg = DebugQT|Any CPU
		{8C9C047C-DDFC-4811-B1C6-B0468410CAD7}.DebugQT|Any CPU.Build.0 = DebugQT|Any CPU
		{8C9C047C-DDFC-4811-B1C6-B0468410CAD7}.DebugQT|x64.ActiveCfg = DebugQT|Any CPU
		{8C9C047C-DDFC-4811-B1C6-B0468410CAD7}.DebugQT|x64.Build.0 = DebugQT|Any CPU
		{8C9C047C-DDFC-4811-B1C6-B0468410CAD7}.DebugQT|x86.ActiveCfg = DebugQT|x86
		{8C9C047C-DDFC-4811-B1C6-B0468410CAD7}.DebugQT|x86.Build.0 = DebugQT|x86
		{8C9C047C-DDFC-4811-B1C6-B0468410CAD7}.Release For WEB|Any CPU.ActiveCfg = Release For WEB|Any CPU
		{8C9C047C-DDFC-4811-B1C6-B0468410CAD7}.Release For WEB|Any CPU.Build.0 = Release For WEB|Any CPU
		{8C9C047C-DDFC-4811-B1C6-B0468410CAD7}.Release For WEB|x64.ActiveCfg = Release For WEB|Any CPU
		{8C9C047C-DDFC-4811-B1C6-B0468410CAD7}.Release For WEB|x64.Build.0 = Release For WEB|Any CPU
		{8C9C047C-DDFC-4811-B1C6-B0468410CAD7}.Release For WEB|x86.ActiveCfg = Release For WEB|x86
		{8C9C047C-DDFC-4811-B1C6-B0468410CAD7}.Release For WEB|x86.Build.0 = Release For WEB|x86
		{8C9C047C-DDFC-4811-B1C6-B0468410CAD7}.Release For Webversion|Any CPU.ActiveCfg = Release For Webversion|Any CPU
		{8C9C047C-DDFC-4811-B1C6-B0468410CAD7}.Release For Webversion|Any CPU.Build.0 = Release For Webversion|Any CPU
		{8C9C047C-DDFC-4811-B1C6-B0468410CAD7}.Release For Webversion|x64.ActiveCfg = Release For Webversion|Any CPU
		{8C9C047C-DDFC-4811-B1C6-B0468410CAD7}.Release For Webversion|x64.Build.0 = Release For Webversion|Any CPU
		{8C9C047C-DDFC-4811-B1C6-B0468410CAD7}.Release For Webversion|x86.ActiveCfg = Release For Webversion|x86
		{8C9C047C-DDFC-4811-B1C6-B0468410CAD7}.Release For Webversion|x86.Build.0 = Release For Webversion|x86
		{8C9C047C-DDFC-4811-B1C6-B0468410CAD7}.release with qtp|Any CPU.ActiveCfg = release with qtp|Any CPU
		{8C9C047C-DDFC-4811-B1C6-B0468410CAD7}.release with qtp|Any CPU.Build.0 = release with qtp|Any CPU
		{8C9C047C-DDFC-4811-B1C6-B0468410CAD7}.release with qtp|x64.ActiveCfg = release with qtp|Any CPU
		{8C9C047C-DDFC-4811-B1C6-B0468410CAD7}.release with qtp|x64.Build.0 = release with qtp|Any CPU
		{8C9C047C-DDFC-4811-B1C6-B0468410CAD7}.release with qtp|x86.ActiveCfg = release with qtp|x86
		{8C9C047C-DDFC-4811-B1C6-B0468410CAD7}.release with qtp|x86.Build.0 = release with qtp|x86
		{8C9C047C-DDFC-4811-B1C6-B0468410CAD7}.Release|Any CPU.ActiveCfg = Release|Any CPU
		{8C9C047C-DDFC-4811-B1C6-B0468410CAD7}.Release|Any CPU.Build.0 = Release|Any CPU
		{8C9C047C-DDFC-4811-B1C6-B0468410CAD7}.Release|x64.ActiveCfg = Release|Any CPU
		{8C9C047C-DDFC-4811-B1C6-B0468410CAD7}.Release|x64.Build.0 = Release|Any CPU
		{8C9C047C-DDFC-4811-B1C6-B0468410CAD7}.Release|x86.ActiveCfg = Release|x86
		{8C9C047C-DDFC-4811-B1C6-B0468410CAD7}.Release|x86.Build.0 = Release|x86
		{8C9C047C-DDFC-4811-B1C6-B0468410CAD7}.ReleaseQT|Any CPU.ActiveCfg = ReleaseQT|Any CPU
		{8C9C047C-DDFC-4811-B1C6-B0468410CAD7}.ReleaseQT|Any CPU.Build.0 = ReleaseQT|Any CPU
		{8C9C047C-DDFC-4811-B1C6-B0468410CAD7}.ReleaseQT|x64.ActiveCfg = ReleaseQT|Any CPU
		{8C9C047C-DDFC-4811-B1C6-B0468410CAD7}.ReleaseQT|x64.Build.0 = ReleaseQT|Any CPU
		{8C9C047C-DDFC-4811-B1C6-B0468410CAD7}.ReleaseQT|x86.ActiveCfg = ReleaseQT|x86
		{8C9C047C-DDFC-4811-B1C6-B0468410CAD7}.ReleaseQT|x86.Build.0 = ReleaseQT|x86
		{08796AF8-A654-4BEB-89BA-A0445969F996}.DEBUG FOR WEBVERSION|Any CPU.ActiveCfg = DEBUG FOR WEBVERSION|Any CPU
		{08796AF8-A654-4BEB-89BA-A0445969F996}.DEBUG FOR WEBVERSION|Any CPU.Build.0 = DEBUG FOR WEBVERSION|Any CPU
		{08796AF8-A654-4BEB-89BA-A0445969F996}.DEBUG FOR WEBVERSION|x64.ActiveCfg = DEBUG FOR WEBVERSION|Any CPU
		{08796AF8-A654-4BEB-89BA-A0445969F996}.DEBUG FOR WEBVERSION|x64.Build.0 = DEBUG FOR WEBVERSION|Any CPU
		{08796AF8-A654-4BEB-89BA-A0445969F996}.DEBUG FOR WEBVERSION|x86.ActiveCfg = DEBUG FOR WEBVERSION|x86
		{08796AF8-A654-4BEB-89BA-A0445969F996}.DEBUG FOR WEBVERSION|x86.Build.0 = DEBUG FOR WEBVERSION|x86
		{08796AF8-A654-4BEB-89BA-A0445969F996}.debug with qtp|Any CPU.ActiveCfg = debug with qtp|Any CPU
		{08796AF8-A654-4BEB-89BA-A0445969F996}.debug with qtp|Any CPU.Build.0 = debug with qtp|Any CPU
		{08796AF8-A654-4BEB-89BA-A0445969F996}.debug with qtp|x64.ActiveCfg = debug with qtp|Any CPU
		{08796AF8-A654-4BEB-89BA-A0445969F996}.debug with qtp|x64.Build.0 = debug with qtp|Any CPU
		{08796AF8-A654-4BEB-89BA-A0445969F996}.debug with qtp|x86.ActiveCfg = debug with qtp|x86
		{08796AF8-A654-4BEB-89BA-A0445969F996}.debug with qtp|x86.Build.0 = debug with qtp|x86
		{08796AF8-A654-4BEB-89BA-A0445969F996}.debug x86|Any CPU.ActiveCfg = debug x86|Any CPU
		{08796AF8-A654-4BEB-89BA-A0445969F996}.debug x86|Any CPU.Build.0 = debug x86|Any CPU
		{08796AF8-A654-4BEB-89BA-A0445969F996}.debug x86|x64.ActiveCfg = debug x86|Any CPU
		{08796AF8-A654-4BEB-89BA-A0445969F996}.debug x86|x64.Build.0 = debug x86|Any CPU
		{08796AF8-A654-4BEB-89BA-A0445969F996}.debug x86|x86.ActiveCfg = debug x86|x86
		{08796AF8-A654-4BEB-89BA-A0445969F996}.debug x86|x86.Build.0 = debug x86|x86
		{08796AF8-A654-4BEB-89BA-A0445969F996}.Debug|Any CPU.ActiveCfg = Debug|Any CPU
		{08796AF8-A654-4BEB-89BA-A0445969F996}.Debug|Any CPU.Build.0 = Debug|Any CPU
		{08796AF8-A654-4BEB-89BA-A0445969F996}.Debug|x64.ActiveCfg = Debug|Any CPU
		{08796AF8-A654-4BEB-89BA-A0445969F996}.Debug|x64.Build.0 = Debug|Any CPU
		{08796AF8-A654-4BEB-89BA-A0445969F996}.Debug|x86.ActiveCfg = Debug|x86
		{08796AF8-A654-4BEB-89BA-A0445969F996}.Debug|x86.Build.0 = Debug|x86
		{08796AF8-A654-4BEB-89BA-A0445969F996}.DebugQT|Any CPU.ActiveCfg = DebugQT|Any CPU
		{08796AF8-A654-4BEB-89BA-A0445969F996}.DebugQT|Any CPU.Build.0 = DebugQT|Any CPU
		{08796AF8-A654-4BEB-89BA-A0445969F996}.DebugQT|x64.ActiveCfg = DebugQT|Any CPU
		{08796AF8-A654-4BEB-89BA-A0445969F996}.DebugQT|x64.Build.0 = DebugQT|Any CPU
		{08796AF8-A654-4BEB-89BA-A0445969F996}.DebugQT|x86.ActiveCfg = DebugQT|x86
		{08796AF8-A654-4BEB-89BA-A0445969F996}.DebugQT|x86.Build.0 = DebugQT|x86
		{08796AF8-A654-4BEB-89BA-A0445969F996}.Release For WEB|Any CPU.ActiveCfg = Release For WEB|Any CPU
		{08796AF8-A654-4BEB-89BA-A0445969F996}.Release For WEB|Any CPU.Build.0 = Release For WEB|Any CPU
		{08796AF8-A654-4BEB-89BA-A0445969F996}.Release For WEB|x64.ActiveCfg = Release For WEB|Any CPU
		{08796AF8-A654-4BEB-89BA-A0445969F996}.Release For WEB|x64.Build.0 = Release For WEB|Any CPU
		{08796AF8-A654-4BEB-89BA-A0445969F996}.Release For WEB|x86.ActiveCfg = Release For WEB|x86
		{08796AF8-A654-4BEB-89BA-A0445969F996}.Release For WEB|x86.Build.0 = Release For WEB|x86
		{08796AF8-A654-4BEB-89BA-A0445969F996}.Release For Webversion|Any CPU.ActiveCfg = Release For Webversion|Any CPU
		{08796AF8-A654-4BEB-89BA-A0445969F996}.Release For Webversion|Any CPU.Build.0 = Release For Webversion|Any CPU
		{08796AF8-A654-4BEB-89BA-A0445969F996}.Release For Webversion|x64.ActiveCfg = Release For Webversion|Any CPU
		{08796AF8-A654-4BEB-89BA-A0445969F996}.Release For Webversion|x64.Build.0 = Release For Webversion|Any CPU
		{08796AF8-A654-4BEB-89BA-A0445969F996}.Release For Webversion|x86.ActiveCfg = Release For Webversion|x86
		{08796AF8-A654-4BEB-89BA-A0445969F996}.Release For Webversion|x86.Build.0 = Release For Webversion|x86
		{08796AF8-A654-4BEB-89BA-A0445969F996}.release with qtp|Any CPU.ActiveCfg = release with qtp|Any CPU
		{08796AF8-A654-4BEB-89BA-A0445969F996}.release with qtp|Any CPU.Build.0 = release with qtp|Any CPU
		{08796AF8-A654-4BEB-89BA-A0445969F996}.release with qtp|x64.ActiveCfg = release with qtp|Any CPU
		{08796AF8-A654-4BEB-89BA-A0445969F996}.release with qtp|x64.Build.0 = release with qtp|Any CPU
		{08796AF8-A654-4BEB-89BA-A0445969F996}.release with qtp|x86.ActiveCfg = release with qtp|x86
		{08796AF8-A654-4BEB-89BA-A0445969F996}.release with qtp|x86.Build.0 = release with qtp|x86
		{08796AF8-A654-4BEB-89BA-A0445969F996}.Release|Any CPU.ActiveCfg = Release|Any CPU
		{08796AF8-A654-4BEB-89BA-A0445969F996}.Release|Any CPU.Build.0 = Release|Any CPU
		{08796AF8-A654-4BEB-89BA-A0445969F996}.Release|x64.ActiveCfg = Release|Any CPU
		{08796AF8-A654-4BEB-89BA-A0445969F996}.Release|x64.Build.0 = Release|Any CPU
		{08796AF8-A654-4BEB-89BA-A0445969F996}.Release|x86.ActiveCfg = Release|x86
		{08796AF8-A654-4BEB-89BA-A0445969F996}.Release|x86.Build.0 = Release|x86
		{08796AF8-A654-4BEB-89BA-A0445969F996}.ReleaseQT|Any CPU.ActiveCfg = ReleaseQT|Any CPU
		{08796AF8-A654-4BEB-89BA-A0445969F996}.ReleaseQT|Any CPU.Build.0 = ReleaseQT|Any CPU
		{08796AF8-A654-4BEB-89BA-A0445969F996}.ReleaseQT|x64.ActiveCfg = ReleaseQT|Any CPU
		{08796AF8-A654-4BEB-89BA-A0445969F996}.ReleaseQT|x64.Build.0 = ReleaseQT|Any CPU
		{08796AF8-A654-4BEB-89BA-A0445969F996}.ReleaseQT|x86.ActiveCfg = ReleaseQT|x86
		{08796AF8-A654-4BEB-89BA-A0445969F996}.ReleaseQT|x86.Build.0 = ReleaseQT|x86
		{7806B8E2-AA1C-4E03-84AD-1665F7497498}.DEBUG FOR WEBVERSION|Any CPU.ActiveCfg = DEBUG FOR WEBVERSION|Any CPU
		{7806B8E2-AA1C-4E03-84AD-1665F7497498}.DEBUG FOR WEBVERSION|Any CPU.Build.0 = DEBUG FOR WEBVERSION|Any CPU
		{7806B8E2-AA1C-4E03-84AD-1665F7497498}.DEBUG FOR WEBVERSION|x64.ActiveCfg = DEBUG FOR WEBVERSION|Any CPU
		{7806B8E2-AA1C-4E03-84AD-1665F7497498}.DEBUG FOR WEBVERSION|x64.Build.0 = DEBUG FOR WEBVERSION|Any CPU
		{7806B8E2-AA1C-4E03-84AD-1665F7497498}.DEBUG FOR WEBVERSION|x86.ActiveCfg = DEBUG FOR WEBVERSION|x86
		{7806B8E2-AA1C-4E03-84AD-1665F7497498}.DEBUG FOR WEBVERSION|x86.Build.0 = DEBUG FOR WEBVERSION|x86
		{7806B8E2-AA1C-4E03-84AD-1665F7497498}.debug with qtp|Any CPU.ActiveCfg = debug with qtp|Any CPU
		{7806B8E2-AA1C-4E03-84AD-1665F7497498}.debug with qtp|Any CPU.Build.0 = debug with qtp|Any CPU
		{7806B8E2-AA1C-4E03-84AD-1665F7497498}.debug with qtp|x64.ActiveCfg = debug with qtp|Any CPU
		{7806B8E2-AA1C-4E03-84AD-1665F7497498}.debug with qtp|x64.Build.0 = debug with qtp|Any CPU
		{7806B8E2-AA1C-4E03-84AD-1665F7497498}.debug with qtp|x86.ActiveCfg = debug with qtp|x86
		{7806B8E2-AA1C-4E03-84AD-1665F7497498}.debug with qtp|x86.Build.0 = debug with qtp|x86
		{7806B8E2-AA1C-4E03-84AD-1665F7497498}.debug x86|Any CPU.ActiveCfg = debug x86|Any CPU
		{7806B8E2-AA1C-4E03-84AD-1665F7497498}.debug x86|Any CPU.Build.0 = debug x86|Any CPU
		{7806B8E2-AA1C-4E03-84AD-1665F7497498}.debug x86|x64.ActiveCfg = debug x86|Any CPU
		{7806B8E2-AA1C-4E03-84AD-1665F7497498}.debug x86|x64.Build.0 = debug x86|Any CPU
		{7806B8E2-AA1C-4E03-84AD-1665F7497498}.debug x86|x86.ActiveCfg = debug x86|x86
		{7806B8E2-AA1C-4E03-84AD-1665F7497498}.debug x86|x86.Build.0 = debug x86|x86
		{7806B8E2-AA1C-4E03-84AD-1665F7497498}.Debug|Any CPU.ActiveCfg = Debug|Any CPU
		{7806B8E2-AA1C-4E03-84AD-1665F7497498}.Debug|Any CPU.Build.0 = Debug|Any CPU
		{7806B8E2-AA1C-4E03-84AD-1665F7497498}.Debug|x64.ActiveCfg = Debug|Any CPU
		{7806B8E2-AA1C-4E03-84AD-1665F7497498}.Debug|x64.Build.0 = Debug|Any CPU
		{7806B8E2-AA1C-4E03-84AD-1665F7497498}.Debug|x86.ActiveCfg = Debug|x86
		{7806B8E2-AA1C-4E03-84AD-1665F7497498}.Debug|x86.Build.0 = Debug|x86
		{7806B8E2-AA1C-4E03-84AD-1665F7497498}.DebugQT|Any CPU.ActiveCfg = DebugQT|Any CPU
		{7806B8E2-AA1C-4E03-84AD-1665F7497498}.DebugQT|Any CPU.Build.0 = DebugQT|Any CPU
		{7806B8E2-AA1C-4E03-84AD-1665F7497498}.DebugQT|x64.ActiveCfg = DebugQT|Any CPU
		{7806B8E2-AA1C-4E03-84AD-1665F7497498}.DebugQT|x64.Build.0 = DebugQT|Any CPU
		{7806B8E2-AA1C-4E03-84AD-1665F7497498}.DebugQT|x86.ActiveCfg = DebugQT|x86
		{7806B8E2-AA1C-4E03-84AD-1665F7497498}.DebugQT|x86.Build.0 = DebugQT|x86
		{7806B8E2-AA1C-4E03-84AD-1665F7497498}.Release For WEB|Any CPU.ActiveCfg = Release For WEB|Any CPU
		{7806B8E2-AA1C-4E03-84AD-1665F7497498}.Release For WEB|Any CPU.Build.0 = Release For WEB|Any CPU
		{7806B8E2-AA1C-4E03-84AD-1665F7497498}.Release For WEB|x64.ActiveCfg = Release For WEB|Any CPU
		{7806B8E2-AA1C-4E03-84AD-1665F7497498}.Release For WEB|x64.Build.0 = Release For WEB|Any CPU
		{7806B8E2-AA1C-4E03-84AD-1665F7497498}.Release For WEB|x86.ActiveCfg = Release For WEB|x86
		{7806B8E2-AA1C-4E03-84AD-1665F7497498}.Release For WEB|x86.Build.0 = Release For WEB|x86
		{7806B8E2-AA1C-4E03-84AD-1665F7497498}.Release For Webversion|Any CPU.ActiveCfg = Release For Webversion|Any CPU
		{7806B8E2-AA1C-4E03-84AD-1665F7497498}.Release For Webversion|Any CPU.Build.0 = Release For Webversion|Any CPU
		{7806B8E2-AA1C-4E03-84AD-1665F7497498}.Release For Webversion|x64.ActiveCfg = Release For Webversion|Any CPU
		{7806B8E2-AA1C-4E03-84AD-1665F7497498}.Release For Webversion|x64.Build.0 = Release For Webversion|Any CPU
		{7806B8E2-AA1C-4E03-84AD-1665F7497498}.Release For Webversion|x86.ActiveCfg = Release For Webversion|x86
		{7806B8E2-AA1C-4E03-84AD-1665F7497498}.Release For Webversion|x86.Build.0 = Release For Webversion|x86
		{7806B8E2-AA1C-4E03-84AD-1665F7497498}.release with qtp|Any CPU.ActiveCfg = release with qtp|Any CPU
		{7806B8E2-AA1C-4E03-84AD-1665F7497498}.release with qtp|Any CPU.Build.0 = release with qtp|Any CPU
		{7806B8E2-AA1C-4E03-84AD-1665F7497498}.release with qtp|x64.ActiveCfg = release with qtp|Any CPU
		{7806B8E2-AA1C-4E03-84AD-1665F7497498}.release with qtp|x64.Build.0 = release with qtp|Any CPU
		{7806B8E2-AA1C-4E03-84AD-1665F7497498}.release with qtp|x86.ActiveCfg = release with qtp|x86
		{7806B8E2-AA1C-4E03-84AD-1665F7497498}.release with qtp|x86.Build.0 = release with qtp|x86
		{7806B8E2-AA1C-4E03-84AD-1665F7497498}.Release|Any CPU.ActiveCfg = Release|Any CPU
		{7806B8E2-AA1C-4E03-84AD-1665F7497498}.Release|Any CPU.Build.0 = Release|Any CPU
		{7806B8E2-AA1C-4E03-84AD-1665F7497498}.Release|x64.ActiveCfg = Release|Any CPU
		{7806B8E2-AA1C-4E03-84AD-1665F7497498}.Release|x64.Build.0 = Release|Any CPU
		{7806B8E2-AA1C-4E03-84AD-1665F7497498}.Release|x86.ActiveCfg = Release|x86
		{7806B8E2-AA1C-4E03-84AD-1665F7497498}.Release|x86.Build.0 = Release|x86
		{7806B8E2-AA1C-4E03-84AD-1665F7497498}.ReleaseQT|Any CPU.ActiveCfg = ReleaseQT|Any CPU
		{7806B8E2-AA1C-4E03-84AD-1665F7497498}.ReleaseQT|Any CPU.Build.0 = ReleaseQT|Any CPU
		{7806B8E2-AA1C-4E03-84AD-1665F7497498}.ReleaseQT|x64.ActiveCfg = ReleaseQT|Any CPU
		{7806B8E2-AA1C-4E03-84AD-1665F7497498}.ReleaseQT|x64.Build.0 = ReleaseQT|Any CPU
		{7806B8E2-AA1C-4E03-84AD-1665F7497498}.ReleaseQT|x86.ActiveCfg = ReleaseQT|x86
		{7806B8E2-AA1C-4E03-84AD-1665F7497498}.ReleaseQT|x86.Build.0 = ReleaseQT|x86
		{FC484768-3432-4485-8683-65A55EE6BECB}.DEBUG FOR WEBVERSION|Any CPU.ActiveCfg = DEBUG FOR WEBVERSION|Any CPU
		{FC484768-3432-4485-8683-65A55EE6BECB}.DEBUG FOR WEBVERSION|Any CPU.Build.0 = DEBUG FOR WEBVERSION|Any CPU
		{FC484768-3432-4485-8683-65A55EE6BECB}.DEBUG FOR WEBVERSION|x64.ActiveCfg = DEBUG FOR WEBVERSION|Any CPU
		{FC484768-3432-4485-8683-65A55EE6BECB}.DEBUG FOR WEBVERSION|x64.Build.0 = DEBUG FOR WEBVERSION|Any CPU
		{FC484768-3432-4485-8683-65A55EE6BECB}.DEBUG FOR WEBVERSION|x86.ActiveCfg = DEBUG FOR WEBVERSION|x86
		{FC484768-3432-4485-8683-65A55EE6BECB}.DEBUG FOR WEBVERSION|x86.Build.0 = DEBUG FOR WEBVERSION|x86
		{FC484768-3432-4485-8683-65A55EE6BECB}.debug with qtp|Any CPU.ActiveCfg = debug with qtp|Any CPU
		{FC484768-3432-4485-8683-65A55EE6BECB}.debug with qtp|Any CPU.Build.0 = debug with qtp|Any CPU
		{FC484768-3432-4485-8683-65A55EE6BECB}.debug with qtp|x64.ActiveCfg = debug with qtp|Any CPU
		{FC484768-3432-4485-8683-65A55EE6BECB}.debug with qtp|x64.Build.0 = debug with qtp|Any CPU
		{FC484768-3432-4485-8683-65A55EE6BECB}.debug with qtp|x86.ActiveCfg = debug with qtp|x86
		{FC484768-3432-4485-8683-65A55EE6BECB}.debug with qtp|x86.Build.0 = debug with qtp|x86
		{FC484768-3432-4485-8683-65A55EE6BECB}.debug x86|Any CPU.ActiveCfg = debug x86|Any CPU
		{FC484768-3432-4485-8683-65A55EE6BECB}.debug x86|Any CPU.Build.0 = debug x86|Any CPU
		{FC484768-3432-4485-8683-65A55EE6BECB}.debug x86|x64.ActiveCfg = debug x86|Any CPU
		{FC484768-3432-4485-8683-65A55EE6BECB}.debug x86|x64.Build.0 = debug x86|Any CPU
		{FC484768-3432-4485-8683-65A55EE6BECB}.debug x86|x86.ActiveCfg = debug x86|x86
		{FC484768-3432-4485-8683-65A55EE6BECB}.debug x86|x86.Build.0 = debug x86|x86
		{FC484768-3432-4485-8683-65A55EE6BECB}.Debug|Any CPU.ActiveCfg = Debug|Any CPU
		{FC484768-3432-4485-8683-65A55EE6BECB}.Debug|Any CPU.Build.0 = Debug|Any CPU
		{FC484768-3432-4485-8683-65A55EE6BECB}.Debug|x64.ActiveCfg = Debug|Any CPU
		{FC484768-3432-4485-8683-65A55EE6BECB}.Debug|x64.Build.0 = Debug|Any CPU
		{FC484768-3432-4485-8683-65A55EE6BECB}.Debug|x86.ActiveCfg = Debug|x86
		{FC484768-3432-4485-8683-65A55EE6BECB}.Debug|x86.Build.0 = Debug|x86
		{FC484768-3432-4485-8683-65A55EE6BECB}.DebugQT|Any CPU.ActiveCfg = DebugQT|Any CPU
		{FC484768-3432-4485-8683-65A55EE6BECB}.DebugQT|Any CPU.Build.0 = DebugQT|Any CPU
		{FC484768-3432-4485-8683-65A55EE6BECB}.DebugQT|x64.ActiveCfg = DebugQT|Any CPU
		{FC484768-3432-4485-8683-65A55EE6BECB}.DebugQT|x64.Build.0 = DebugQT|Any CPU
		{FC484768-3432-4485-8683-65A55EE6BECB}.DebugQT|x86.ActiveCfg = DebugQT|x86
		{FC484768-3432-4485-8683-65A55EE6BECB}.DebugQT|x86.Build.0 = DebugQT|x86
		{FC484768-3432-4485-8683-65A55EE6BECB}.Release For WEB|Any CPU.ActiveCfg = Release For WEB|Any CPU
		{FC484768-3432-4485-8683-65A55EE6BECB}.Release For WEB|Any CPU.Build.0 = Release For WEB|Any CPU
		{FC484768-3432-4485-8683-65A55EE6BECB}.Release For WEB|x64.ActiveCfg = Release For WEB|Any CPU
		{FC484768-3432-4485-8683-65A55EE6BECB}.Release For WEB|x64.Build.0 = Release For WEB|Any CPU
		{FC484768-3432-4485-8683-65A55EE6BECB}.Release For WEB|x86.ActiveCfg = Release For WEB|x86
		{FC484768-3432-4485-8683-65A55EE6BECB}.Release For WEB|x86.Build.0 = Release For WEB|x86
		{FC484768-3432-4485-8683-65A55EE6BECB}.Release For Webversion|Any CPU.ActiveCfg = Release For Webversion|Any CPU
		{FC484768-3432-4485-8683-65A55EE6BECB}.Release For Webversion|Any CPU.Build.0 = Release For Webversion|Any CPU
		{FC484768-3432-4485-8683-65A55EE6BECB}.Release For Webversion|x64.ActiveCfg = Release For Webversion|Any CPU
		{FC484768-3432-4485-8683-65A55EE6BECB}.Release For Webversion|x64.Build.0 = Release For Webversion|Any CPU
		{FC484768-3432-4485-8683-65A55EE6BECB}.Release For Webversion|x86.ActiveCfg = Release For Webversion|x86
		{FC484768-3432-4485-8683-65A55EE6BECB}.Release For Webversion|x86.Build.0 = Release For Webversion|x86
		{FC484768-3432-4485-8683-65A55EE6BECB}.release with qtp|Any CPU.ActiveCfg = release with qtp|Any CPU
		{FC484768-3432-4485-8683-65A55EE6BECB}.release with qtp|Any CPU.Build.0 = release with qtp|Any CPU
		{FC484768-3432-4485-8683-65A55EE6BECB}.release with qtp|x64.ActiveCfg = release with qtp|Any CPU
		{FC484768-3432-4485-8683-65A55EE6BECB}.release with qtp|x64.Build.0 = release with qtp|Any CPU
		{FC484768-3432-4485-8683-65A55EE6BECB}.release with qtp|x86.ActiveCfg = release with qtp|x86
		{FC484768-3432-4485-8683-65A55EE6BECB}.release with qtp|x86.Build.0 = release with qtp|x86
		{FC484768-3432-4485-8683-65A55EE6BECB}.Release|Any CPU.ActiveCfg = Release|Any CPU
		{FC484768-3432-4485-8683-65A55EE6BECB}.Release|Any CPU.Build.0 = Release|Any CPU
		{FC484768-3432-4485-8683-65A55EE6BECB}.Release|x64.ActiveCfg = Release|Any CPU
		{FC484768-3432-4485-8683-65A55EE6BECB}.Release|x64.Build.0 = Release|Any CPU
		{FC484768-3432-4485-8683-65A55EE6BECB}.Release|x86.ActiveCfg = Release|x86
		{FC484768-3432-4485-8683-65A55EE6BECB}.Release|x86.Build.0 = Release|x86
		{FC484768-3432-4485-8683-65A55EE6BECB}.ReleaseQT|Any CPU.ActiveCfg = ReleaseQT|Any CPU
		{FC484768-3432-4485-8683-65A55EE6BECB}.ReleaseQT|Any CPU.Build.0 = ReleaseQT|Any CPU
		{FC484768-3432-4485-8683-65A55EE6BECB}.ReleaseQT|x64.ActiveCfg = ReleaseQT|Any CPU
		{FC484768-3432-4485-8683-65A55EE6BECB}.ReleaseQT|x64.Build.0 = ReleaseQT|Any CPU
		{FC484768-3432-4485-8683-65A55EE6BECB}.ReleaseQT|x86.ActiveCfg = ReleaseQT|x86
		{FC484768-3432-4485-8683-65A55EE6BECB}.ReleaseQT|x86.Build.0 = ReleaseQT|x86
		{46DFDA09-C7DD-4C52-AAE2-A5F22D3822DE}.DEBUG FOR WEBVERSION|Any CPU.ActiveCfg = Debug|Any CPU
		{46DFDA09-C7DD-4C52-AAE2-A5F22D3822DE}.DEBUG FOR WEBVERSION|Any CPU.Build.0 = Debug|Any CPU
		{46DFDA09-C7DD-4C52-AAE2-A5F22D3822DE}.DEBUG FOR WEBVERSION|x64.ActiveCfg = Debug|Any CPU
		{46DFDA09-C7DD-4C52-AAE2-A5F22D3822DE}.DEBUG FOR WEBVERSION|x64.Build.0 = Debug|Any CPU
		{46DFDA09-C7DD-4C52-AAE2-A5F22D3822DE}.DEBUG FOR WEBVERSION|x86.ActiveCfg = Debug|Any CPU
		{46DFDA09-C7DD-4C52-AAE2-A5F22D3822DE}.DEBUG FOR WEBVERSION|x86.Build.0 = Debug|Any CPU
		{46DFDA09-C7DD-4C52-AAE2-A5F22D3822DE}.debug with qtp|Any CPU.ActiveCfg = Debug|Any CPU
		{46DFDA09-C7DD-4C52-AAE2-A5F22D3822DE}.debug with qtp|Any CPU.Build.0 = Debug|Any CPU
		{46DFDA09-C7DD-4C52-AAE2-A5F22D3822DE}.debug with qtp|x64.ActiveCfg = Debug|Any CPU
		{46DFDA09-C7DD-4C52-AAE2-A5F22D3822DE}.debug with qtp|x64.Build.0 = Debug|Any CPU
		{46DFDA09-C7DD-4C52-AAE2-A5F22D3822DE}.debug with qtp|x86.ActiveCfg = Debug|Any CPU
		{46DFDA09-C7DD-4C52-AAE2-A5F22D3822DE}.debug with qtp|x86.Build.0 = Debug|Any CPU
		{46DFDA09-C7DD-4C52-AAE2-A5F22D3822DE}.debug x86|Any CPU.ActiveCfg = Debug|Any CPU
		{46DFDA09-C7DD-4C52-AAE2-A5F22D3822DE}.debug x86|Any CPU.Build.0 = Debug|Any CPU
		{46DFDA09-C7DD-4C52-AAE2-A5F22D3822DE}.debug x86|x64.ActiveCfg = Debug|Any CPU
		{46DFDA09-C7DD-4C52-AAE2-A5F22D3822DE}.debug x86|x64.Build.0 = Debug|Any CPU
		{46DFDA09-C7DD-4C52-AAE2-A5F22D3822DE}.debug x86|x86.ActiveCfg = Debug|Any CPU
		{46DFDA09-C7DD-4C52-AAE2-A5F22D3822DE}.debug x86|x86.Build.0 = Debug|Any CPU
		{46DFDA09-C7DD-4C52-AAE2-A5F22D3822DE}.Debug|Any CPU.ActiveCfg = Debug|Any CPU
		{46DFDA09-C7DD-4C52-AAE2-A5F22D3822DE}.Debug|Any CPU.Build.0 = Debug|Any CPU
		{46DFDA09-C7DD-4C52-AAE2-A5F22D3822DE}.Debug|x64.ActiveCfg = Debug|Any CPU
		{46DFDA09-C7DD-4C52-AAE2-A5F22D3822DE}.Debug|x64.Build.0 = Debug|Any CPU
		{46DFDA09-C7DD-4C52-AAE2-A5F22D3822DE}.Debug|x86.ActiveCfg = Debug|Any CPU
		{46DFDA09-C7DD-4C52-AAE2-A5F22D3822DE}.Debug|x86.Build.0 = Debug|Any CPU
		{46DFDA09-C7DD-4C52-AAE2-A5F22D3822DE}.DebugQT|Any CPU.ActiveCfg = Debug|Any CPU
		{46DFDA09-C7DD-4C52-AAE2-A5F22D3822DE}.DebugQT|Any CPU.Build.0 = Debug|Any CPU
		{46DFDA09-C7DD-4C52-AAE2-A5F22D3822DE}.DebugQT|x64.ActiveCfg = Debug|Any CPU
		{46DFDA09-C7DD-4C52-AAE2-A5F22D3822DE}.DebugQT|x64.Build.0 = Debug|Any CPU
		{46DFDA09-C7DD-4C52-AAE2-A5F22D3822DE}.DebugQT|x86.ActiveCfg = Debug|Any CPU
		{46DFDA09-C7DD-4C52-AAE2-A5F22D3822DE}.DebugQT|x86.Build.0 = Debug|Any CPU
		{46DFDA09-C7DD-4C52-AAE2-A5F22D3822DE}.Release For WEB|Any CPU.ActiveCfg = Release|Any CPU
		{46DFDA09-C7DD-4C52-AAE2-A5F22D3822DE}.Release For WEB|Any CPU.Build.0 = Release|Any CPU
		{46DFDA09-C7DD-4C52-AAE2-A5F22D3822DE}.Release For WEB|x64.ActiveCfg = Release|Any CPU
		{46DFDA09-C7DD-4C52-AAE2-A5F22D3822DE}.Release For WEB|x64.Build.0 = Release|Any CPU
		{46DFDA09-C7DD-4C52-AAE2-A5F22D3822DE}.Release For WEB|x86.ActiveCfg = Release|Any CPU
		{46DFDA09-C7DD-4C52-AAE2-A5F22D3822DE}.Release For WEB|x86.Build.0 = Release|Any CPU
		{46DFDA09-C7DD-4C52-AAE2-A5F22D3822DE}.Release For Webversion|Any CPU.ActiveCfg = Release|Any CPU
		{46DFDA09-C7DD-4C52-AAE2-A5F22D3822DE}.Release For Webversion|Any CPU.Build.0 = Release|Any CPU
		{46DFDA09-C7DD-4C52-AAE2-A5F22D3822DE}.Release For Webversion|x64.ActiveCfg = Release|Any CPU
		{46DFDA09-C7DD-4C52-AAE2-A5F22D3822DE}.Release For Webversion|x64.Build.0 = Release|Any CPU
		{46DFDA09-C7DD-4C52-AAE2-A5F22D3822DE}.Release For Webversion|x86.ActiveCfg = Release|Any CPU
		{46DFDA09-C7DD-4C52-AAE2-A5F22D3822DE}.Release For Webversion|x86.Build.0 = Release|Any CPU
		{46DFDA09-C7DD-4C52-AAE2-A5F22D3822DE}.release with qtp|Any CPU.ActiveCfg = Release|Any CPU
		{46DFDA09-C7DD-4C52-AAE2-A5F22D3822DE}.release with qtp|Any CPU.Build.0 = Release|Any CPU
		{46DFDA09-C7DD-4C52-AAE2-A5F22D3822DE}.release with qtp|x64.ActiveCfg = Release|Any CPU
		{46DFDA09-C7DD-4C52-AAE2-A5F22D3822DE}.release with qtp|x64.Build.0 = Release|Any CPU
		{46DFDA09-C7DD-4C52-AAE2-A5F22D3822DE}.release with qtp|x86.ActiveCfg = Release|Any CPU
		{46DFDA09-C7DD-4C52-AAE2-A5F22D3822DE}.release with qtp|x86.Build.0 = Release|Any CPU
		{46DFDA09-C7DD-4C52-AAE2-A5F22D3822DE}.Release|Any CPU.ActiveCfg = Release|Any CPU
		{46DFDA09-C7DD-4C52-AAE2-A5F22D3822DE}.Release|Any CPU.Build.0 = Release|Any CPU
		{46DFDA09-C7DD-4C52-AAE2-A5F22D3822DE}.Release|x64.ActiveCfg = Release|Any CPU
		{46DFDA09-C7DD-4C52-AAE2-A5F22D3822DE}.Release|x64.Build.0 = Release|Any CPU
		{46DFDA09-C7DD-4C52-AAE2-A5F22D3822DE}.Release|x86.ActiveCfg = Release|Any CPU
		{46DFDA09-C7DD-4C52-AAE2-A5F22D3822DE}.Release|x86.Build.0 = Release|Any CPU
		{46DFDA09-C7DD-4C52-AAE2-A5F22D3822DE}.ReleaseQT|Any CPU.ActiveCfg = Release|Any CPU
		{46DFDA09-C7DD-4C52-AAE2-A5F22D3822DE}.ReleaseQT|Any CPU.Build.0 = Release|Any CPU
		{46DFDA09-C7DD-4C52-AAE2-A5F22D3822DE}.ReleaseQT|x64.ActiveCfg = Release|Any CPU
		{46DFDA09-C7DD-4C52-AAE2-A5F22D3822DE}.ReleaseQT|x64.Build.0 = Release|Any CPU
		{46DFDA09-C7DD-4C52-AAE2-A5F22D3822DE}.ReleaseQT|x86.ActiveCfg = Release|Any CPU
		{46DFDA09-C7DD-4C52-AAE2-A5F22D3822DE}.ReleaseQT|x86.Build.0 = Release|Any CPU
	EndGlobalSection
	GlobalSection(SolutionProperties) = preSolution
		HideSolutionNode = FALSE
	EndGlobalSection
	GlobalSection(NestedProjects) = preSolution
		{239DAAEA-1A19-4D8C-B296-C9BF3CA865E9} = {46873A0A-F22D-495B-B493-E9A5B3EE1AB3}
		{E1CDBDDF-7FF8-4D57-879C-E1BF0BF98287} = {9990270A-8BA5-47E5-AB98-E358E3D1D7EE}
		{D923E1BE-48C8-47DA-8A7D-C3B518E6C4B6} = {46873A0A-F22D-495B-B493-E9A5B3EE1AB3}
		{437A1246-C363-4242-8C2A-279D1DB896D8} = {46873A0A-F22D-495B-B493-E9A5B3EE1AB3}
		{05201161-BADA-4EA2-BC9B-4CCB8EB6EE1E} = {9990270A-8BA5-47E5-AB98-E358E3D1D7EE}
		{F19EDDA6-3624-4BA6-A91E-DBCB2DA7FE38} = {9990270A-8BA5-47E5-AB98-E358E3D1D7EE}
		{B748E75E-AFF9-4FEA-8581-7F04AD5DA539} = {9990270A-8BA5-47E5-AB98-E358E3D1D7EE}
		{73AB2085-4C8A-4C31-98B1-4C1572E1FCE3} = {9990270A-8BA5-47E5-AB98-E358E3D1D7EE}
		{4B528ED1-F033-443D-B57C-670401AC6051} = {A36D793D-2EB0-4A07-B138-F87E3F3CE6BF}
		{DFC95280-7252-4578-A8BD-921FAD0A6301} = {4B528ED1-F033-443D-B57C-670401AC6051}
		{882DFD8D-A6E4-4825-B0BA-3D854E66DCA0} = {4B528ED1-F033-443D-B57C-670401AC6051}
		{8C9C047C-DDFC-4811-B1C6-B0468410CAD7} = {9990270A-8BA5-47E5-AB98-E358E3D1D7EE}
		{08796AF8-A654-4BEB-89BA-A0445969F996} = {4B528ED1-F033-443D-B57C-670401AC6051}
		{7806B8E2-AA1C-4E03-84AD-1665F7497498} = {4B528ED1-F033-443D-B57C-670401AC6051}
		{FC484768-3432-4485-8683-65A55EE6BECB} = {4B528ED1-F033-443D-B57C-670401AC6051}
		{46DFDA09-C7DD-4C52-AAE2-A5F22D3822DE} = {46873A0A-F22D-495B-B493-E9A5B3EE1AB3}
	EndGlobalSection
	GlobalSection(ExtensibilityGlobals) = postSolution
		SolutionGuid = {E6CF1D32-F6EA-4F66-967B-284233D3F31A}
	EndGlobalSection
EndGlobal
